// !$*UTF8*$!
{
	archiveVersion = 1;
	classes = {
	};
	objectVersion = 60;
	objects = {

/* Begin PBXBuildFile section */
		30273E34BD83F3AA381B0985 /* Pods_011_SportNote.framework in Frameworks */ = {isa = PBXBuildFile; fileRef = BDA261F78691EA8E50FB447F /* Pods_011_SportNote.framework */; };
		8D00EC332BEF9FD400257BAC /* PrivacyInfo.xcprivacy in Resources */ = {isa = PBXBuildFile; fileRef = 8D00EC322BEF9FD400257BAC /* PrivacyInfo.xcprivacy */; };
		8D00EC352BF0426700257BAC /* AppInfo.swift in Sources */ = {isa = PBXBuildFile; fileRef = 8D00EC342BF0426700257BAC /* AppInfo.swift */; };
		8D072BA52C223E320046767D /* SportsNoteTests.swift in Sources */ = {isa = PBXBuildFile; fileRef = 8D072BA42C223E320046767D /* SportsNoteTests.swift */; };
		8D12B0C827F7D01E0040AF3D /* Definition+String.swift in Sources */ = {isa = PBXBuildFile; fileRef = 8D12B0C727F7D01E0040AF3D /* Definition+String.swift */; };
		8D1522C02AD758B0002D1018 /* AddGroupViewModel.swift in Sources */ = {isa = PBXBuildFile; fileRef = 8D1522BF2AD758B0002D1018 /* AddGroupViewModel.swift */; };
		8D1522C32ADA1D56002D1018 /* MeasuresViewModel.swift in Sources */ = {isa = PBXBuildFile; fileRef = 8D1522C22ADA1D56002D1018 /* MeasuresViewModel.swift */; };
		8D1522C52ADB6E5F002D1018 /* TaskDetailViewModel.swift in Sources */ = {isa = PBXBuildFile; fileRef = 8D1522C42ADB6E5F002D1018 /* TaskDetailViewModel.swift */; };
		8D1522C72ADC9E23002D1018 /* TaskViewModel.swift in Sources */ = {isa = PBXBuildFile; fileRef = 8D1522C62ADC9E23002D1018 /* TaskViewModel.swift */; };
		8D20B2C22C2CCFD60054FF79 /* RealmActor.swift in Sources */ = {isa = PBXBuildFile; fileRef = 8D20B2C12C2CCFD60054FF79 /* RealmActor.swift */; };
		8D2770482B2FAF58006608E0 /* NotePageViewController.swift in Sources */ = {isa = PBXBuildFile; fileRef = 8D2770462B2FAF58006608E0 /* NotePageViewController.swift */; };
		8D2770492B2FAF58006608E0 /* NotePageViewController.xib in Resources */ = {isa = PBXBuildFile; fileRef = 8D2770472B2FAF58006608E0 /* NotePageViewController.xib */; };
		8D27704B2B2FB09C006608E0 /* NotePageCoordinator.swift in Sources */ = {isa = PBXBuildFile; fileRef = 8D27704A2B2FB09C006608E0 /* NotePageCoordinator.swift */; };
		8D2A345925DBC8CC00ADE6C6 /* UIViewController+Alert.swift in Sources */ = {isa = PBXBuildFile; fileRef = 8D2A345825DBC8CC00ADE6C6 /* UIViewController+Alert.swift */; };
		8D2BE0C7284EB238009AC672 /* PageViewController.swift in Sources */ = {isa = PBXBuildFile; fileRef = 8D2BE0C5284EB238009AC672 /* PageViewController.swift */; };
		8D2BE0C8284EB238009AC672 /* PageViewController.xib in Resources */ = {isa = PBXBuildFile; fileRef = 8D2BE0C6284EB238009AC672 /* PageViewController.xib */; };
		8D2BE0CA284EB7CB009AC672 /* PageViewCoordinator.swift in Sources */ = {isa = PBXBuildFile; fileRef = 8D2BE0C9284EB7CB009AC672 /* PageViewCoordinator.swift */; };
		8D2BE0CD2852A09C009AC672 /* TutorialViewController.swift in Sources */ = {isa = PBXBuildFile; fileRef = 8D2BE0CB2852A09C009AC672 /* TutorialViewController.swift */; };
		8D2BE0CE2852A09C009AC672 /* TutorialViewController.xib in Resources */ = {isa = PBXBuildFile; fileRef = 8D2BE0CC2852A09C009AC672 /* TutorialViewController.xib */; };
		8D3A4DBB25FC3D0B000D42C5 /* UIViewController+TextField.swift in Sources */ = {isa = PBXBuildFile; fileRef = 8D3A4DBA25FC3D0B000D42C5 /* UIViewController+TextField.swift */; };
		8D3FFE5627F664940021C9FC /* Coordinator.swift in Sources */ = {isa = PBXBuildFile; fileRef = 8D3FFE5527F664940021C9FC /* Coordinator.swift */; };
		8D3FFE5827F665170021C9FC /* AppCoordinator.swift in Sources */ = {isa = PBXBuildFile; fileRef = 8D3FFE5727F665170021C9FC /* AppCoordinator.swift */; };
		8D3FFE5A27F665650021C9FC /* TabCoordinator.swift in Sources */ = {isa = PBXBuildFile; fileRef = 8D3FFE5927F665650021C9FC /* TabCoordinator.swift */; };
		8D3FFE5F27F666A20021C9FC /* TaskCoordinator.swift in Sources */ = {isa = PBXBuildFile; fileRef = 8D3FFE5E27F666A20021C9FC /* TaskCoordinator.swift */; };
		8D3FFE6227F66B400021C9FC /* TaskViewController.swift in Sources */ = {isa = PBXBuildFile; fileRef = 8D3FFE6127F66B400021C9FC /* TaskViewController.swift */; };
		8D481D4827F7D2870082D956 /* Localizable.strings in Resources */ = {isa = PBXBuildFile; fileRef = 8D481D4A27F7D2870082D956 /* Localizable.strings */; };
		8D481D4D27F7D9040082D956 /* Definition.swift in Sources */ = {isa = PBXBuildFile; fileRef = 8D481D4C27F7D9030082D956 /* Definition.swift */; };
		8D481D5527F808090082D956 /* FirebaseManager.swift in Sources */ = {isa = PBXBuildFile; fileRef = 8D481D5427F808090082D956 /* FirebaseManager.swift */; };
		8D481D5727F80EB50082D956 /* DataConverter.swift in Sources */ = {isa = PBXBuildFile; fileRef = 8D481D5627F80EB50082D956 /* DataConverter.swift */; };
		8D481D5B27F8256E0082D956 /* SyncManager.swift in Sources */ = {isa = PBXBuildFile; fileRef = 8D481D5A27F8256E0082D956 /* SyncManager.swift */; };
		8D481D6027F862E10082D956 /* TaskData.swift in Sources */ = {isa = PBXBuildFile; fileRef = 8D481D5F27F862E10082D956 /* TaskData.swift */; };
		8D481D6227F864F20082D956 /* Group.swift in Sources */ = {isa = PBXBuildFile; fileRef = 8D481D6127F864F20082D956 /* Group.swift */; };
		8D481D6427F865D70082D956 /* Measures.swift in Sources */ = {isa = PBXBuildFile; fileRef = 8D481D6327F865D70082D956 /* Measures.swift */; };
		8D481D6627F8678E0082D956 /* Memo.swift in Sources */ = {isa = PBXBuildFile; fileRef = 8D481D6527F8678E0082D956 /* Memo.swift */; };
		8D481D6927F875780082D956 /* Target.swift in Sources */ = {isa = PBXBuildFile; fileRef = 8D481D6827F875780082D956 /* Target.swift */; };
		8D481D6B27F98BF60082D956 /* Network.swift in Sources */ = {isa = PBXBuildFile; fileRef = 8D481D6A27F98BF60082D956 /* Network.swift */; };
		8D481D6E27F98FAF0082D956 /* CalendarCoordinator.swift in Sources */ = {isa = PBXBuildFile; fileRef = 8D481D6D27F98FAF0082D956 /* CalendarCoordinator.swift */; };
		8D481D7127F98FFD0082D956 /* CalendarViewController.xib in Resources */ = {isa = PBXBuildFile; fileRef = 8D481D7027F98FFD0082D956 /* CalendarViewController.xib */; };
		8D481D7427F990410082D956 /* CalendarViewController.swift in Sources */ = {isa = PBXBuildFile; fileRef = 8D481D7327F990410082D956 /* CalendarViewController.swift */; };
		8D481D7627F9C52A0082D956 /* RealmManager.swift in Sources */ = {isa = PBXBuildFile; fileRef = 8D481D7527F9C52A0082D956 /* RealmManager.swift */; };
		8D57AFD524A44F5A007450BF /* GoogleService-Info.plist in Resources */ = {isa = PBXBuildFile; fileRef = 8D57AFD424A44F5A007450BF /* GoogleService-Info.plist */; };
		8D57AFDD24A47FAB007450BF /* QuartzCore.framework in Frameworks */ = {isa = PBXBuildFile; fileRef = 8D57AFDC24A47FAB007450BF /* QuartzCore.framework */; };
		8D5A479025EB1D6E009FB63B /* UIViewController+PickerView.swift in Sources */ = {isa = PBXBuildFile; fileRef = 8D5A478F25EB1D6E009FB63B /* UIViewController+PickerView.swift */; };
		8D5CFBFD27FBA36A008DF02E /* AddGroupViewController.swift in Sources */ = {isa = PBXBuildFile; fileRef = 8D5CFBFB27FBA36A008DF02E /* AddGroupViewController.swift */; };
		8D5CFBFE27FBA36A008DF02E /* AddGroupViewController.xib in Resources */ = {isa = PBXBuildFile; fileRef = 8D5CFBFC27FBA36A008DF02E /* AddGroupViewController.xib */; };
		8D5CFC0127FBAD1B008DF02E /* AddGroupCoordinator.swift in Sources */ = {isa = PBXBuildFile; fileRef = 8D5CFC0027FBAD1B008DF02E /* AddGroupCoordinator.swift */; };
		8D5CFC0728024C94008DF02E /* GroupHeaderView.swift in Sources */ = {isa = PBXBuildFile; fileRef = 8D5CFC0628024C94008DF02E /* GroupHeaderView.swift */; };
		8D5CFC0928024CA4008DF02E /* GroupHeaderView.xib in Resources */ = {isa = PBXBuildFile; fileRef = 8D5CFC0828024CA4008DF02E /* GroupHeaderView.xib */; };
		8D5CFC0C2802D925008DF02E /* GroupViewController.swift in Sources */ = {isa = PBXBuildFile; fileRef = 8D5CFC0A2802D925008DF02E /* GroupViewController.swift */; };
		8D5CFC0F28038D43008DF02E /* GroupCoordinator.swift in Sources */ = {isa = PBXBuildFile; fileRef = 8D5CFC0E28038D43008DF02E /* GroupCoordinator.swift */; };
		8D665D2724A17CD300441B32 /* AppDelegate.swift in Sources */ = {isa = PBXBuildFile; fileRef = 8D665D2624A17CD300441B32 /* AppDelegate.swift */; };
		8D665D3024A17CD400441B32 /* Assets.xcassets in Resources */ = {isa = PBXBuildFile; fileRef = 8D665D2F24A17CD400441B32 /* Assets.xcassets */; };
		8D665D3324A17CD400441B32 /* LaunchScreen.storyboard in Resources */ = {isa = PBXBuildFile; fileRef = 8D665D3124A17CD400441B32 /* LaunchScreen.storyboard */; };
		8D69FC9824B7085900DFECB3 /* TaskCellForAddNote.swift in Sources */ = {isa = PBXBuildFile; fileRef = 8D69FC9624B7085900DFECB3 /* TaskCellForAddNote.swift */; };
		8D69FC9924B7085900DFECB3 /* TaskCellForAddNote.xib in Resources */ = {isa = PBXBuildFile; fileRef = 8D69FC9724B7085900DFECB3 /* TaskCellForAddNote.xib */; };
		8D790DB42883CD620062838C /* Definition+Note.swift in Sources */ = {isa = PBXBuildFile; fileRef = 8D790DB32883CD610062838C /* Definition+Note.swift */; };
		8D790DB62883CF1D0062838C /* Definition+Group.swift in Sources */ = {isa = PBXBuildFile; fileRef = 8D790DB52883CF1D0062838C /* Definition+Group.swift */; };
		8D790DB82883CF8E0062838C /* Definition+Date.swift in Sources */ = {isa = PBXBuildFile; fileRef = 8D790DB72883CF8E0062838C /* Definition+Date.swift */; };
		8D91CE712806295C000D3B1F /* TaskDetailViewController.swift in Sources */ = {isa = PBXBuildFile; fileRef = 8D91CE6F2806295C000D3B1F /* TaskDetailViewController.swift */; };
		8D91CE722806295C000D3B1F /* TaskDetailViewController.xib in Resources */ = {isa = PBXBuildFile; fileRef = 8D91CE702806295C000D3B1F /* TaskDetailViewController.xib */; };
		8D91CE74280777E8000D3B1F /* TaskDetailCoordinator.swift in Sources */ = {isa = PBXBuildFile; fileRef = 8D91CE73280777E8000D3B1F /* TaskDetailCoordinator.swift */; };
		8D91CE772808CA57000D3B1F /* AddTaskViewController.swift in Sources */ = {isa = PBXBuildFile; fileRef = 8D91CE752808CA57000D3B1F /* AddTaskViewController.swift */; };
		8D91CE782808CA57000D3B1F /* AddTaskViewController.xib in Resources */ = {isa = PBXBuildFile; fileRef = 8D91CE762808CA57000D3B1F /* AddTaskViewController.xib */; };
		8D91CE7A2808D9CC000D3B1F /* AddTaskCoordinator.swift in Sources */ = {isa = PBXBuildFile; fileRef = 8D91CE792808D9CC000D3B1F /* AddTaskCoordinator.swift */; };
		8D91CE7D280AED5A000D3B1F /* MeasuresViewController.swift in Sources */ = {isa = PBXBuildFile; fileRef = 8D91CE7B280AED5A000D3B1F /* MeasuresViewController.swift */; };
		8D91CE7E280AED5A000D3B1F /* MeasuresViewController.xib in Resources */ = {isa = PBXBuildFile; fileRef = 8D91CE7C280AED5A000D3B1F /* MeasuresViewController.xib */; };
		8D91CE80280B07EE000D3B1F /* MeasuresCoordinator.swift in Sources */ = {isa = PBXBuildFile; fileRef = 8D91CE7F280B07EE000D3B1F /* MeasuresCoordinator.swift */; };
		8D91CE83280BA800000D3B1F /* AddTargetViewController.swift in Sources */ = {isa = PBXBuildFile; fileRef = 8D91CE81280BA800000D3B1F /* AddTargetViewController.swift */; };
		8D91CE84280BA800000D3B1F /* AddTargetViewController.xib in Resources */ = {isa = PBXBuildFile; fileRef = 8D91CE82280BA800000D3B1F /* AddTargetViewController.xib */; };
		8D91CE86280BBBA9000D3B1F /* AddTargetCoordinator.swift in Sources */ = {isa = PBXBuildFile; fileRef = 8D91CE85280BBBA9000D3B1F /* AddTargetCoordinator.swift */; };
		8D91CE89280CC80C000D3B1F /* AddTournamentNoteViewController.swift in Sources */ = {isa = PBXBuildFile; fileRef = 8D91CE87280CC80C000D3B1F /* AddTournamentNoteViewController.swift */; };
		8D91CE8A280CC80C000D3B1F /* AddTournamentNoteViewController.xib in Resources */ = {isa = PBXBuildFile; fileRef = 8D91CE88280CC80C000D3B1F /* AddTournamentNoteViewController.xib */; };
		8D91CE8C280CCC79000D3B1F /* AddTournamentNoteCoordinator.swift in Sources */ = {isa = PBXBuildFile; fileRef = 8D91CE8B280CCC79000D3B1F /* AddTournamentNoteCoordinator.swift */; };
		8D91CE8F28138239000D3B1F /* FreeNoteViewController.swift in Sources */ = {isa = PBXBuildFile; fileRef = 8D91CE8D28138239000D3B1F /* FreeNoteViewController.swift */; };
		8D91CE9028138239000D3B1F /* FreeNoteViewController.xib in Resources */ = {isa = PBXBuildFile; fileRef = 8D91CE8E28138239000D3B1F /* FreeNoteViewController.xib */; };
		8D91CE9228138668000D3B1F /* FreeNoteCoordinator.swift in Sources */ = {isa = PBXBuildFile; fileRef = 8D91CE9128138668000D3B1F /* FreeNoteCoordinator.swift */; };
		8D91CE95281896E6000D3B1F /* AddPracticeNoteViewController.swift in Sources */ = {isa = PBXBuildFile; fileRef = 8D91CE93281896E6000D3B1F /* AddPracticeNoteViewController.swift */; };
		8D91CE96281896E6000D3B1F /* AddPracticeNoteViewController.xib in Resources */ = {isa = PBXBuildFile; fileRef = 8D91CE94281896E6000D3B1F /* AddPracticeNoteViewController.xib */; };
		8D91CE9828189EF9000D3B1F /* AddPracticeNoteCoordinator.swift in Sources */ = {isa = PBXBuildFile; fileRef = 8D91CE9728189EF9000D3B1F /* AddPracticeNoteCoordinator.swift */; };
		8D91CE9A2819EB25000D3B1F /* UIViewController+TextView.swift in Sources */ = {isa = PBXBuildFile; fileRef = 8D91CE992819EB25000D3B1F /* UIViewController+TextView.swift */; };
		8D91CE9C281EC364000D3B1F /* Note.swift in Sources */ = {isa = PBXBuildFile; fileRef = 8D91CE9B281EC364000D3B1F /* Note.swift */; };
		8DA277AC2B387C05001017F3 /* NotePageViewModel.swift in Sources */ = {isa = PBXBuildFile; fileRef = 8DA277AB2B387C04001017F3 /* NotePageViewModel.swift */; };
		8DA277AF2B3B8B45001017F3 /* NoteDetailViewController.swift in Sources */ = {isa = PBXBuildFile; fileRef = 8DA277AD2B3B8B45001017F3 /* NoteDetailViewController.swift */; };
		8DA277B02B3B8B45001017F3 /* NoteDetailViewController.xib in Resources */ = {isa = PBXBuildFile; fileRef = 8DA277AE2B3B8B45001017F3 /* NoteDetailViewController.xib */; };
		8DA277B22B3E5275001017F3 /* NoteDetailViewModel.swift in Sources */ = {isa = PBXBuildFile; fileRef = 8DA277B12B3E5275001017F3 /* NoteDetailViewModel.swift */; };
		8DB579D32844207E00245025 /* LoginViewController.swift in Sources */ = {isa = PBXBuildFile; fileRef = 8DB579D12844207E00245025 /* LoginViewController.swift */; };
		8DB579D42844207E00245025 /* LoginViewController.xib in Resources */ = {isa = PBXBuildFile; fileRef = 8DB579D22844207E00245025 /* LoginViewController.xib */; };
		8DB579D6284428F400245025 /* LoginCoordinator.swift in Sources */ = {isa = PBXBuildFile; fileRef = 8DB579D5284428F400245025 /* LoginCoordinator.swift */; };
		8DB8B04528797F1800DF88FD /* NoteCell.swift in Sources */ = {isa = PBXBuildFile; fileRef = 8DB8B04328797F1800DF88FD /* NoteCell.swift */; };
		8DB8B04628797F1800DF88FD /* NoteCell.xib in Resources */ = {isa = PBXBuildFile; fileRef = 8DB8B04428797F1800DF88FD /* NoteCell.xib */; };
		8DBD613B2B429F7E0084CE45 /* TaskCellForNoteDetailView.swift in Sources */ = {isa = PBXBuildFile; fileRef = 8DBD61392B429F7D0084CE45 /* TaskCellForNoteDetailView.swift */; };
		8DBD613C2B429F7E0084CE45 /* TaskCellForNoteDetailView.xib in Resources */ = {isa = PBXBuildFile; fileRef = 8DBD613A2B429F7D0084CE45 /* TaskCellForNoteDetailView.xib */; };
		8DBE025F285938D90047C751 /* NoteFilterViewController.swift in Sources */ = {isa = PBXBuildFile; fileRef = 8DBE025D285938D90047C751 /* NoteFilterViewController.swift */; };
		8DBE0260285938D90047C751 /* NoteFilterViewController.xib in Resources */ = {isa = PBXBuildFile; fileRef = 8DBE025E285938D90047C751 /* NoteFilterViewController.xib */; };
		8DBE026228593BDE0047C751 /* NoteFilterCoordinator.swift in Sources */ = {isa = PBXBuildFile; fileRef = 8DBE026128593BDE0047C751 /* NoteFilterCoordinator.swift */; };
		8DC1930D27F7B8690097BF07 /* TaskViewController.xib in Resources */ = {isa = PBXBuildFile; fileRef = 8DC1930C27F7B8690097BF07 /* TaskViewController.xib */; };
		8DC1931427F7BE320097BF07 /* NoteCoordinator.swift in Sources */ = {isa = PBXBuildFile; fileRef = 8DC1931327F7BE320097BF07 /* NoteCoordinator.swift */; };
		8DC1931627F7CB5B0097BF07 /* NoteViewController.swift in Sources */ = {isa = PBXBuildFile; fileRef = 8DC1931527F7CB5B0097BF07 /* NoteViewController.swift */; };
		8DC1931827F7CB9B0097BF07 /* NoteViewController.xib in Resources */ = {isa = PBXBuildFile; fileRef = 8DC1931727F7CB9B0097BF07 /* NoteViewController.xib */; };
		8DC294852AD35F6B009B8AF2 /* GroupViewModel.swift in Sources */ = {isa = PBXBuildFile; fileRef = 8DC294842AD35F6B009B8AF2 /* GroupViewModel.swift */; };
		8DC294862AD3B017009B8AF2 /* GroupViewController.xib in Resources */ = {isa = PBXBuildFile; fileRef = 8DC294882AD3B017009B8AF2 /* GroupViewController.xib */; };
		8DC2948B2AD3B120009B8AF2 /* LocalizedLabel.swift in Sources */ = {isa = PBXBuildFile; fileRef = 8DC2948A2AD3B120009B8AF2 /* LocalizedLabel.swift */; };
		8DC8DE9F28399E8F00BD7F70 /* SettingViewController.swift in Sources */ = {isa = PBXBuildFile; fileRef = 8DC8DE9D28399E8F00BD7F70 /* SettingViewController.swift */; };
		8DC8DEA028399E8F00BD7F70 /* SettingViewController.xib in Resources */ = {isa = PBXBuildFile; fileRef = 8DC8DE9E28399E8F00BD7F70 /* SettingViewController.xib */; };
		8DC8DEA42839A36400BD7F70 /* SettingCoordinator.swift in Sources */ = {isa = PBXBuildFile; fileRef = 8DC8DEA32839A36400BD7F70 /* SettingCoordinator.swift */; };
		8DCC058A24F8E40300744A61 /* MessageUI.framework in Frameworks */ = {isa = PBXBuildFile; fileRef = 8DCC058924F8E40300744A61 /* MessageUI.framework */; };
		8DCF350724F6554900055093 /* Note_old.swift in Sources */ = {isa = PBXBuildFile; fileRef = 8DCF350324F6554900055093 /* Note_old.swift */; };
		8DCF350824F6554900055093 /* Target_old.swift in Sources */ = {isa = PBXBuildFile; fileRef = 8DCF350424F6554900055093 /* Target_old.swift */; };
		8DCF350924F6554900055093 /* FreeNote_old.swift in Sources */ = {isa = PBXBuildFile; fileRef = 8DCF350524F6554900055093 /* FreeNote_old.swift */; };
		8DCF350A24F6554900055093 /* Task_old.swift in Sources */ = {isa = PBXBuildFile; fileRef = 8DCF350624F6554900055093 /* Task_old.swift */; };
		8DD228082AFAF0CE00C846BA /* SettingViewModel.swift in Sources */ = {isa = PBXBuildFile; fileRef = 8DD228072AFAF0CE00C846BA /* SettingViewModel.swift */; };
		8DE6E10825F461DE0012DA54 /* UIViewController+UserDefaults.swift in Sources */ = {isa = PBXBuildFile; fileRef = 8DE6E10725F461DE0012DA54 /* UIViewController+UserDefaults.swift */; };
		8DEF8A9E2AE499620018AF57 /* AddTaskViewModel.swift in Sources */ = {isa = PBXBuildFile; fileRef = 8DEF8A9D2AE499620018AF57 /* AddTaskViewModel.swift */; };
		8DEF8AA12AEC70300018AF57 /* FreeNoteViewModel.swift in Sources */ = {isa = PBXBuildFile; fileRef = 8DEF8AA02AEC70300018AF57 /* FreeNoteViewModel.swift */; };
		8DEF8AA32AED28080018AF57 /* NoteViewModel.swift in Sources */ = {isa = PBXBuildFile; fileRef = 8DEF8AA22AED28080018AF57 /* NoteViewModel.swift */; };
		8DEF8AA62AF47DEE0018AF57 /* AddTargetViewModel.swift in Sources */ = {isa = PBXBuildFile; fileRef = 8DEF8AA52AF47DEE0018AF57 /* AddTargetViewModel.swift */; };
		D1393A717F91C00C0778DD66 /* Pods_SportsNoteTests.framework in Frameworks */ = {isa = PBXBuildFile; fileRef = 89F4C71C9B6527EDD994BC2B /* Pods_SportsNoteTests.framework */; };
/* End PBXBuildFile section */

/* Begin PBXContainerItemProxy section */
		8D072BA62C223E320046767D /* PBXContainerItemProxy */ = {
			isa = PBXContainerItemProxy;
			containerPortal = 8D665D1B24A17CD300441B32 /* Project object */;
			proxyType = 1;
			remoteGlobalIDString = 8D665D2224A17CD300441B32;
			remoteInfo = "011-SportNote";
		};
/* End PBXContainerItemProxy section */

/* Begin PBXFileReference section */
		071E6B678ABDFD4A674414D2 /* Pods-011-SportNote.release.xcconfig */ = {isa = PBXFileReference; includeInIndex = 1; lastKnownFileType = text.xcconfig; name = "Pods-011-SportNote.release.xcconfig"; path = "Target Support Files/Pods-011-SportNote/Pods-011-SportNote.release.xcconfig"; sourceTree = "<group>"; };
		81CFCA9AEE2BD1C49B957183 /* Pods-SportsNoteTests.debug.xcconfig */ = {isa = PBXFileReference; includeInIndex = 1; lastKnownFileType = text.xcconfig; name = "Pods-SportsNoteTests.debug.xcconfig"; path = "Target Support Files/Pods-SportsNoteTests/Pods-SportsNoteTests.debug.xcconfig"; sourceTree = "<group>"; };
		89F4C71C9B6527EDD994BC2B /* Pods_SportsNoteTests.framework */ = {isa = PBXFileReference; explicitFileType = wrapper.framework; includeInIndex = 0; path = Pods_SportsNoteTests.framework; sourceTree = BUILT_PRODUCTS_DIR; };
		8D00EC322BEF9FD400257BAC /* PrivacyInfo.xcprivacy */ = {isa = PBXFileReference; lastKnownFileType = text.xml; path = PrivacyInfo.xcprivacy; sourceTree = "<group>"; };
		8D00EC342BF0426700257BAC /* AppInfo.swift */ = {isa = PBXFileReference; lastKnownFileType = sourcecode.swift; path = AppInfo.swift; sourceTree = "<group>"; };
		8D072BA22C223E320046767D /* SportsNoteTests.xctest */ = {isa = PBXFileReference; explicitFileType = wrapper.cfbundle; includeInIndex = 0; path = SportsNoteTests.xctest; sourceTree = BUILT_PRODUCTS_DIR; };
		8D072BA42C223E320046767D /* SportsNoteTests.swift */ = {isa = PBXFileReference; lastKnownFileType = sourcecode.swift; path = SportsNoteTests.swift; sourceTree = "<group>"; };
		8D12B0C727F7D01E0040AF3D /* Definition+String.swift */ = {isa = PBXFileReference; lastKnownFileType = sourcecode.swift; path = "Definition+String.swift"; sourceTree = "<group>"; };
		8D1522BF2AD758B0002D1018 /* AddGroupViewModel.swift */ = {isa = PBXFileReference; lastKnownFileType = sourcecode.swift; path = AddGroupViewModel.swift; sourceTree = "<group>"; };
		8D1522C22ADA1D56002D1018 /* MeasuresViewModel.swift */ = {isa = PBXFileReference; lastKnownFileType = sourcecode.swift; path = MeasuresViewModel.swift; sourceTree = "<group>"; };
		8D1522C42ADB6E5F002D1018 /* TaskDetailViewModel.swift */ = {isa = PBXFileReference; lastKnownFileType = sourcecode.swift; path = TaskDetailViewModel.swift; sourceTree = "<group>"; };
		8D1522C62ADC9E23002D1018 /* TaskViewModel.swift */ = {isa = PBXFileReference; lastKnownFileType = sourcecode.swift; path = TaskViewModel.swift; sourceTree = "<group>"; };
		8D20B2C12C2CCFD60054FF79 /* RealmActor.swift */ = {isa = PBXFileReference; lastKnownFileType = sourcecode.swift; path = RealmActor.swift; sourceTree = "<group>"; };
		8D2770462B2FAF58006608E0 /* NotePageViewController.swift */ = {isa = PBXFileReference; lastKnownFileType = sourcecode.swift; path = NotePageViewController.swift; sourceTree = "<group>"; };
		8D2770472B2FAF58006608E0 /* NotePageViewController.xib */ = {isa = PBXFileReference; lastKnownFileType = file.xib; path = NotePageViewController.xib; sourceTree = "<group>"; };
		8D27704A2B2FB09C006608E0 /* NotePageCoordinator.swift */ = {isa = PBXFileReference; lastKnownFileType = sourcecode.swift; path = NotePageCoordinator.swift; sourceTree = "<group>"; };
		8D2A345825DBC8CC00ADE6C6 /* UIViewController+Alert.swift */ = {isa = PBXFileReference; lastKnownFileType = sourcecode.swift; path = "UIViewController+Alert.swift"; sourceTree = "<group>"; };
		8D2BE0C5284EB238009AC672 /* PageViewController.swift */ = {isa = PBXFileReference; lastKnownFileType = sourcecode.swift; path = PageViewController.swift; sourceTree = "<group>"; };
		8D2BE0C6284EB238009AC672 /* PageViewController.xib */ = {isa = PBXFileReference; lastKnownFileType = file.xib; path = PageViewController.xib; sourceTree = "<group>"; };
		8D2BE0C9284EB7CB009AC672 /* PageViewCoordinator.swift */ = {isa = PBXFileReference; lastKnownFileType = sourcecode.swift; path = PageViewCoordinator.swift; sourceTree = "<group>"; };
		8D2BE0CB2852A09C009AC672 /* TutorialViewController.swift */ = {isa = PBXFileReference; lastKnownFileType = sourcecode.swift; path = TutorialViewController.swift; sourceTree = "<group>"; };
		8D2BE0CC2852A09C009AC672 /* TutorialViewController.xib */ = {isa = PBXFileReference; lastKnownFileType = file.xib; path = TutorialViewController.xib; sourceTree = "<group>"; };
		8D3A4DBA25FC3D0B000D42C5 /* UIViewController+TextField.swift */ = {isa = PBXFileReference; fileEncoding = 4; lastKnownFileType = sourcecode.swift; path = "UIViewController+TextField.swift"; sourceTree = "<group>"; };
		8D3FFE5527F664940021C9FC /* Coordinator.swift */ = {isa = PBXFileReference; lastKnownFileType = sourcecode.swift; path = Coordinator.swift; sourceTree = "<group>"; };
		8D3FFE5727F665170021C9FC /* AppCoordinator.swift */ = {isa = PBXFileReference; lastKnownFileType = sourcecode.swift; path = AppCoordinator.swift; sourceTree = "<group>"; };
		8D3FFE5927F665650021C9FC /* TabCoordinator.swift */ = {isa = PBXFileReference; lastKnownFileType = sourcecode.swift; path = TabCoordinator.swift; sourceTree = "<group>"; };
		8D3FFE5E27F666A20021C9FC /* TaskCoordinator.swift */ = {isa = PBXFileReference; lastKnownFileType = sourcecode.swift; path = TaskCoordinator.swift; sourceTree = "<group>"; };
		8D3FFE6127F66B400021C9FC /* TaskViewController.swift */ = {isa = PBXFileReference; lastKnownFileType = sourcecode.swift; path = TaskViewController.swift; sourceTree = "<group>"; };
		8D481D4527F7D1550082D956 /* ja */ = {isa = PBXFileReference; lastKnownFileType = text.plist.strings; name = ja; path = ja.lproj/LaunchScreen.strings; sourceTree = "<group>"; };
		8D481D4927F7D2870082D956 /* en */ = {isa = PBXFileReference; lastKnownFileType = text.plist.strings; name = en; path = en.lproj/Localizable.strings; sourceTree = "<group>"; };
		8D481D4B27F7D28C0082D956 /* ja */ = {isa = PBXFileReference; lastKnownFileType = text.plist.strings; name = ja; path = ja.lproj/Localizable.strings; sourceTree = "<group>"; };
		8D481D4C27F7D9030082D956 /* Definition.swift */ = {isa = PBXFileReference; lastKnownFileType = sourcecode.swift; path = Definition.swift; sourceTree = "<group>"; };
		8D481D5427F808090082D956 /* FirebaseManager.swift */ = {isa = PBXFileReference; lastKnownFileType = sourcecode.swift; path = FirebaseManager.swift; sourceTree = "<group>"; };
		8D481D5627F80EB50082D956 /* DataConverter.swift */ = {isa = PBXFileReference; lastKnownFileType = sourcecode.swift; path = DataConverter.swift; sourceTree = "<group>"; };
		8D481D5A27F8256E0082D956 /* SyncManager.swift */ = {isa = PBXFileReference; lastKnownFileType = sourcecode.swift; path = SyncManager.swift; sourceTree = "<group>"; };
		8D481D5F27F862E10082D956 /* TaskData.swift */ = {isa = PBXFileReference; lastKnownFileType = sourcecode.swift; path = TaskData.swift; sourceTree = "<group>"; };
		8D481D6127F864F20082D956 /* Group.swift */ = {isa = PBXFileReference; lastKnownFileType = sourcecode.swift; path = Group.swift; sourceTree = "<group>"; };
		8D481D6327F865D70082D956 /* Measures.swift */ = {isa = PBXFileReference; lastKnownFileType = sourcecode.swift; path = Measures.swift; sourceTree = "<group>"; };
		8D481D6527F8678E0082D956 /* Memo.swift */ = {isa = PBXFileReference; lastKnownFileType = sourcecode.swift; path = Memo.swift; sourceTree = "<group>"; };
		8D481D6827F875780082D956 /* Target.swift */ = {isa = PBXFileReference; lastKnownFileType = sourcecode.swift; path = Target.swift; sourceTree = "<group>"; };
		8D481D6A27F98BF60082D956 /* Network.swift */ = {isa = PBXFileReference; lastKnownFileType = sourcecode.swift; path = Network.swift; sourceTree = "<group>"; };
		8D481D6D27F98FAF0082D956 /* CalendarCoordinator.swift */ = {isa = PBXFileReference; lastKnownFileType = sourcecode.swift; path = CalendarCoordinator.swift; sourceTree = "<group>"; };
		8D481D7027F98FFD0082D956 /* CalendarViewController.xib */ = {isa = PBXFileReference; lastKnownFileType = file.xib; path = CalendarViewController.xib; sourceTree = "<group>"; };
		8D481D7327F990410082D956 /* CalendarViewController.swift */ = {isa = PBXFileReference; lastKnownFileType = sourcecode.swift; path = CalendarViewController.swift; sourceTree = "<group>"; };
		8D481D7527F9C52A0082D956 /* RealmManager.swift */ = {isa = PBXFileReference; lastKnownFileType = sourcecode.swift; path = RealmManager.swift; sourceTree = "<group>"; };
		8D57AFD424A44F5A007450BF /* GoogleService-Info.plist */ = {isa = PBXFileReference; fileEncoding = 4; lastKnownFileType = text.plist.xml; path = "GoogleService-Info.plist"; sourceTree = "<group>"; };
		8D57AFDC24A47FAB007450BF /* QuartzCore.framework */ = {isa = PBXFileReference; lastKnownFileType = wrapper.framework; name = QuartzCore.framework; path = System/Library/Frameworks/QuartzCore.framework; sourceTree = SDKROOT; };
		8D5A478F25EB1D6E009FB63B /* UIViewController+PickerView.swift */ = {isa = PBXFileReference; lastKnownFileType = sourcecode.swift; path = "UIViewController+PickerView.swift"; sourceTree = "<group>"; };
		8D5CFBFB27FBA36A008DF02E /* AddGroupViewController.swift */ = {isa = PBXFileReference; lastKnownFileType = sourcecode.swift; path = AddGroupViewController.swift; sourceTree = "<group>"; };
		8D5CFBFC27FBA36A008DF02E /* AddGroupViewController.xib */ = {isa = PBXFileReference; lastKnownFileType = file.xib; path = AddGroupViewController.xib; sourceTree = "<group>"; };
		8D5CFC0027FBAD1B008DF02E /* AddGroupCoordinator.swift */ = {isa = PBXFileReference; lastKnownFileType = sourcecode.swift; path = AddGroupCoordinator.swift; sourceTree = "<group>"; };
		8D5CFC0628024C94008DF02E /* GroupHeaderView.swift */ = {isa = PBXFileReference; lastKnownFileType = sourcecode.swift; path = GroupHeaderView.swift; sourceTree = "<group>"; };
		8D5CFC0828024CA4008DF02E /* GroupHeaderView.xib */ = {isa = PBXFileReference; lastKnownFileType = file.xib; path = GroupHeaderView.xib; sourceTree = "<group>"; };
		8D5CFC0A2802D925008DF02E /* GroupViewController.swift */ = {isa = PBXFileReference; lastKnownFileType = sourcecode.swift; path = GroupViewController.swift; sourceTree = "<group>"; };
		8D5CFC0E28038D43008DF02E /* GroupCoordinator.swift */ = {isa = PBXFileReference; lastKnownFileType = sourcecode.swift; path = GroupCoordinator.swift; sourceTree = "<group>"; };
		8D665D2324A17CD300441B32 /* 011-SportNote.app */ = {isa = PBXFileReference; explicitFileType = wrapper.application; includeInIndex = 0; path = "011-SportNote.app"; sourceTree = BUILT_PRODUCTS_DIR; };
		8D665D2624A17CD300441B32 /* AppDelegate.swift */ = {isa = PBXFileReference; lastKnownFileType = sourcecode.swift; path = AppDelegate.swift; sourceTree = "<group>"; };
		8D665D2F24A17CD400441B32 /* Assets.xcassets */ = {isa = PBXFileReference; lastKnownFileType = folder.assetcatalog; path = Assets.xcassets; sourceTree = "<group>"; };
		8D665D3224A17CD400441B32 /* Base */ = {isa = PBXFileReference; lastKnownFileType = file.storyboard; name = Base; path = Base.lproj/LaunchScreen.storyboard; sourceTree = "<group>"; };
		8D665D3424A17CD400441B32 /* Info.plist */ = {isa = PBXFileReference; lastKnownFileType = text.plist.xml; path = Info.plist; sourceTree = "<group>"; };
		8D69FC9624B7085900DFECB3 /* TaskCellForAddNote.swift */ = {isa = PBXFileReference; lastKnownFileType = sourcecode.swift; path = TaskCellForAddNote.swift; sourceTree = "<group>"; };
		8D69FC9724B7085900DFECB3 /* TaskCellForAddNote.xib */ = {isa = PBXFileReference; lastKnownFileType = file.xib; path = TaskCellForAddNote.xib; sourceTree = "<group>"; };
		8D790DB32883CD610062838C /* Definition+Note.swift */ = {isa = PBXFileReference; lastKnownFileType = sourcecode.swift; path = "Definition+Note.swift"; sourceTree = "<group>"; };
		8D790DB52883CF1D0062838C /* Definition+Group.swift */ = {isa = PBXFileReference; lastKnownFileType = sourcecode.swift; path = "Definition+Group.swift"; sourceTree = "<group>"; };
		8D790DB72883CF8E0062838C /* Definition+Date.swift */ = {isa = PBXFileReference; lastKnownFileType = sourcecode.swift; path = "Definition+Date.swift"; sourceTree = "<group>"; };
		8D91CE6F2806295C000D3B1F /* TaskDetailViewController.swift */ = {isa = PBXFileReference; lastKnownFileType = sourcecode.swift; path = TaskDetailViewController.swift; sourceTree = "<group>"; };
		8D91CE702806295C000D3B1F /* TaskDetailViewController.xib */ = {isa = PBXFileReference; lastKnownFileType = file.xib; path = TaskDetailViewController.xib; sourceTree = "<group>"; };
		8D91CE73280777E8000D3B1F /* TaskDetailCoordinator.swift */ = {isa = PBXFileReference; lastKnownFileType = sourcecode.swift; path = TaskDetailCoordinator.swift; sourceTree = "<group>"; };
		8D91CE752808CA57000D3B1F /* AddTaskViewController.swift */ = {isa = PBXFileReference; lastKnownFileType = sourcecode.swift; path = AddTaskViewController.swift; sourceTree = "<group>"; };
		8D91CE762808CA57000D3B1F /* AddTaskViewController.xib */ = {isa = PBXFileReference; lastKnownFileType = file.xib; path = AddTaskViewController.xib; sourceTree = "<group>"; };
		8D91CE792808D9CC000D3B1F /* AddTaskCoordinator.swift */ = {isa = PBXFileReference; lastKnownFileType = sourcecode.swift; path = AddTaskCoordinator.swift; sourceTree = "<group>"; };
		8D91CE7B280AED5A000D3B1F /* MeasuresViewController.swift */ = {isa = PBXFileReference; lastKnownFileType = sourcecode.swift; path = MeasuresViewController.swift; sourceTree = "<group>"; };
		8D91CE7C280AED5A000D3B1F /* MeasuresViewController.xib */ = {isa = PBXFileReference; lastKnownFileType = file.xib; path = MeasuresViewController.xib; sourceTree = "<group>"; };
		8D91CE7F280B07EE000D3B1F /* MeasuresCoordinator.swift */ = {isa = PBXFileReference; lastKnownFileType = sourcecode.swift; path = MeasuresCoordinator.swift; sourceTree = "<group>"; };
		8D91CE81280BA800000D3B1F /* AddTargetViewController.swift */ = {isa = PBXFileReference; lastKnownFileType = sourcecode.swift; path = AddTargetViewController.swift; sourceTree = "<group>"; };
		8D91CE82280BA800000D3B1F /* AddTargetViewController.xib */ = {isa = PBXFileReference; lastKnownFileType = file.xib; path = AddTargetViewController.xib; sourceTree = "<group>"; };
		8D91CE85280BBBA9000D3B1F /* AddTargetCoordinator.swift */ = {isa = PBXFileReference; lastKnownFileType = sourcecode.swift; path = AddTargetCoordinator.swift; sourceTree = "<group>"; };
		8D91CE87280CC80C000D3B1F /* AddTournamentNoteViewController.swift */ = {isa = PBXFileReference; lastKnownFileType = sourcecode.swift; path = AddTournamentNoteViewController.swift; sourceTree = "<group>"; };
		8D91CE88280CC80C000D3B1F /* AddTournamentNoteViewController.xib */ = {isa = PBXFileReference; lastKnownFileType = file.xib; path = AddTournamentNoteViewController.xib; sourceTree = "<group>"; };
		8D91CE8B280CCC79000D3B1F /* AddTournamentNoteCoordinator.swift */ = {isa = PBXFileReference; lastKnownFileType = sourcecode.swift; path = AddTournamentNoteCoordinator.swift; sourceTree = "<group>"; };
		8D91CE8D28138239000D3B1F /* FreeNoteViewController.swift */ = {isa = PBXFileReference; lastKnownFileType = sourcecode.swift; path = FreeNoteViewController.swift; sourceTree = "<group>"; };
		8D91CE8E28138239000D3B1F /* FreeNoteViewController.xib */ = {isa = PBXFileReference; lastKnownFileType = file.xib; path = FreeNoteViewController.xib; sourceTree = "<group>"; };
		8D91CE9128138668000D3B1F /* FreeNoteCoordinator.swift */ = {isa = PBXFileReference; lastKnownFileType = sourcecode.swift; path = FreeNoteCoordinator.swift; sourceTree = "<group>"; };
		8D91CE93281896E6000D3B1F /* AddPracticeNoteViewController.swift */ = {isa = PBXFileReference; lastKnownFileType = sourcecode.swift; path = AddPracticeNoteViewController.swift; sourceTree = "<group>"; };
		8D91CE94281896E6000D3B1F /* AddPracticeNoteViewController.xib */ = {isa = PBXFileReference; lastKnownFileType = file.xib; path = AddPracticeNoteViewController.xib; sourceTree = "<group>"; };
		8D91CE9728189EF9000D3B1F /* AddPracticeNoteCoordinator.swift */ = {isa = PBXFileReference; lastKnownFileType = sourcecode.swift; path = AddPracticeNoteCoordinator.swift; sourceTree = "<group>"; };
		8D91CE992819EB25000D3B1F /* UIViewController+TextView.swift */ = {isa = PBXFileReference; lastKnownFileType = sourcecode.swift; path = "UIViewController+TextView.swift"; sourceTree = "<group>"; };
		8D91CE9B281EC364000D3B1F /* Note.swift */ = {isa = PBXFileReference; lastKnownFileType = sourcecode.swift; path = Note.swift; sourceTree = "<group>"; };
		8DA277AB2B387C04001017F3 /* NotePageViewModel.swift */ = {isa = PBXFileReference; lastKnownFileType = sourcecode.swift; path = NotePageViewModel.swift; sourceTree = "<group>"; };
		8DA277AD2B3B8B45001017F3 /* NoteDetailViewController.swift */ = {isa = PBXFileReference; lastKnownFileType = sourcecode.swift; path = NoteDetailViewController.swift; sourceTree = "<group>"; };
		8DA277AE2B3B8B45001017F3 /* NoteDetailViewController.xib */ = {isa = PBXFileReference; lastKnownFileType = file.xib; path = NoteDetailViewController.xib; sourceTree = "<group>"; };
		8DA277B12B3E5275001017F3 /* NoteDetailViewModel.swift */ = {isa = PBXFileReference; lastKnownFileType = sourcecode.swift; path = NoteDetailViewModel.swift; sourceTree = "<group>"; };
		8DB579D12844207E00245025 /* LoginViewController.swift */ = {isa = PBXFileReference; lastKnownFileType = sourcecode.swift; path = LoginViewController.swift; sourceTree = "<group>"; };
		8DB579D22844207E00245025 /* LoginViewController.xib */ = {isa = PBXFileReference; lastKnownFileType = file.xib; path = LoginViewController.xib; sourceTree = "<group>"; };
		8DB579D5284428F400245025 /* LoginCoordinator.swift */ = {isa = PBXFileReference; lastKnownFileType = sourcecode.swift; path = LoginCoordinator.swift; sourceTree = "<group>"; };
		8DB8B04328797F1800DF88FD /* NoteCell.swift */ = {isa = PBXFileReference; lastKnownFileType = sourcecode.swift; path = NoteCell.swift; sourceTree = "<group>"; };
		8DB8B04428797F1800DF88FD /* NoteCell.xib */ = {isa = PBXFileReference; lastKnownFileType = file.xib; path = NoteCell.xib; sourceTree = "<group>"; };
		8DB9E58924DEBDFC0042A7A2 /* 011-SportNoteRelease.entitlements */ = {isa = PBXFileReference; lastKnownFileType = text.plist.entitlements; path = "011-SportNoteRelease.entitlements"; sourceTree = "<group>"; };
		8DBD61392B429F7D0084CE45 /* TaskCellForNoteDetailView.swift */ = {isa = PBXFileReference; lastKnownFileType = sourcecode.swift; path = TaskCellForNoteDetailView.swift; sourceTree = "<group>"; };
		8DBD613A2B429F7D0084CE45 /* TaskCellForNoteDetailView.xib */ = {isa = PBXFileReference; lastKnownFileType = file.xib; path = TaskCellForNoteDetailView.xib; sourceTree = "<group>"; };
		8DBE025D285938D90047C751 /* NoteFilterViewController.swift */ = {isa = PBXFileReference; lastKnownFileType = sourcecode.swift; path = NoteFilterViewController.swift; sourceTree = "<group>"; };
		8DBE025E285938D90047C751 /* NoteFilterViewController.xib */ = {isa = PBXFileReference; lastKnownFileType = file.xib; path = NoteFilterViewController.xib; sourceTree = "<group>"; };
		8DBE026128593BDE0047C751 /* NoteFilterCoordinator.swift */ = {isa = PBXFileReference; lastKnownFileType = sourcecode.swift; path = NoteFilterCoordinator.swift; sourceTree = "<group>"; };
		8DC1930C27F7B8690097BF07 /* TaskViewController.xib */ = {isa = PBXFileReference; lastKnownFileType = file.xib; path = TaskViewController.xib; sourceTree = "<group>"; };
		8DC1931327F7BE320097BF07 /* NoteCoordinator.swift */ = {isa = PBXFileReference; lastKnownFileType = sourcecode.swift; path = NoteCoordinator.swift; sourceTree = "<group>"; };
		8DC1931527F7CB5B0097BF07 /* NoteViewController.swift */ = {isa = PBXFileReference; lastKnownFileType = sourcecode.swift; path = NoteViewController.swift; sourceTree = "<group>"; };
		8DC1931727F7CB9B0097BF07 /* NoteViewController.xib */ = {isa = PBXFileReference; lastKnownFileType = file.xib; path = NoteViewController.xib; sourceTree = "<group>"; };
		8DC294842AD35F6B009B8AF2 /* GroupViewModel.swift */ = {isa = PBXFileReference; lastKnownFileType = sourcecode.swift; path = GroupViewModel.swift; sourceTree = "<group>"; };
		8DC294872AD3B017009B8AF2 /* Base */ = {isa = PBXFileReference; lastKnownFileType = file.xib; name = Base; path = Base.lproj/GroupViewController.xib; sourceTree = "<group>"; };
		8DC294892AD3B017009B8AF2 /* mul */ = {isa = PBXFileReference; lastKnownFileType = text.json.xcstrings; name = mul; path = mul.lproj/GroupViewController.xcstrings; sourceTree = "<group>"; };
		8DC2948A2AD3B120009B8AF2 /* LocalizedLabel.swift */ = {isa = PBXFileReference; lastKnownFileType = sourcecode.swift; path = LocalizedLabel.swift; sourceTree = "<group>"; };
		8DC8DE9D28399E8F00BD7F70 /* SettingViewController.swift */ = {isa = PBXFileReference; lastKnownFileType = sourcecode.swift; path = SettingViewController.swift; sourceTree = "<group>"; };
		8DC8DE9E28399E8F00BD7F70 /* SettingViewController.xib */ = {isa = PBXFileReference; lastKnownFileType = file.xib; path = SettingViewController.xib; sourceTree = "<group>"; };
		8DC8DEA32839A36400BD7F70 /* SettingCoordinator.swift */ = {isa = PBXFileReference; lastKnownFileType = sourcecode.swift; path = SettingCoordinator.swift; sourceTree = "<group>"; };
		8DCC058924F8E40300744A61 /* MessageUI.framework */ = {isa = PBXFileReference; lastKnownFileType = wrapper.framework; name = MessageUI.framework; path = System/Library/Frameworks/MessageUI.framework; sourceTree = SDKROOT; };
		8DCF350324F6554900055093 /* Note_old.swift */ = {isa = PBXFileReference; fileEncoding = 4; lastKnownFileType = sourcecode.swift; path = Note_old.swift; sourceTree = "<group>"; };
		8DCF350424F6554900055093 /* Target_old.swift */ = {isa = PBXFileReference; fileEncoding = 4; lastKnownFileType = sourcecode.swift; path = Target_old.swift; sourceTree = "<group>"; };
		8DCF350524F6554900055093 /* FreeNote_old.swift */ = {isa = PBXFileReference; fileEncoding = 4; lastKnownFileType = sourcecode.swift; path = FreeNote_old.swift; sourceTree = "<group>"; };
		8DCF350624F6554900055093 /* Task_old.swift */ = {isa = PBXFileReference; fileEncoding = 4; lastKnownFileType = sourcecode.swift; path = Task_old.swift; sourceTree = "<group>"; };
		8DD228072AFAF0CE00C846BA /* SettingViewModel.swift */ = {isa = PBXFileReference; lastKnownFileType = sourcecode.swift; path = SettingViewModel.swift; sourceTree = "<group>"; };
		8DE6E10725F461DE0012DA54 /* UIViewController+UserDefaults.swift */ = {isa = PBXFileReference; lastKnownFileType = sourcecode.swift; path = "UIViewController+UserDefaults.swift"; sourceTree = "<group>"; };
		8DEF8A9D2AE499620018AF57 /* AddTaskViewModel.swift */ = {isa = PBXFileReference; lastKnownFileType = sourcecode.swift; path = AddTaskViewModel.swift; sourceTree = "<group>"; };
		8DEF8AA02AEC70300018AF57 /* FreeNoteViewModel.swift */ = {isa = PBXFileReference; lastKnownFileType = sourcecode.swift; path = FreeNoteViewModel.swift; sourceTree = "<group>"; };
		8DEF8AA22AED28080018AF57 /* NoteViewModel.swift */ = {isa = PBXFileReference; lastKnownFileType = sourcecode.swift; path = NoteViewModel.swift; sourceTree = "<group>"; };
		8DEF8AA52AF47DEE0018AF57 /* AddTargetViewModel.swift */ = {isa = PBXFileReference; lastKnownFileType = sourcecode.swift; path = AddTargetViewModel.swift; sourceTree = "<group>"; };
		B17941B072A4CB7B8DAD523E /* Pods-SportsNoteTests.release.xcconfig */ = {isa = PBXFileReference; includeInIndex = 1; lastKnownFileType = text.xcconfig; name = "Pods-SportsNoteTests.release.xcconfig"; path = "Target Support Files/Pods-SportsNoteTests/Pods-SportsNoteTests.release.xcconfig"; sourceTree = "<group>"; };
		BDA261F78691EA8E50FB447F /* Pods_011_SportNote.framework */ = {isa = PBXFileReference; explicitFileType = wrapper.framework; includeInIndex = 0; path = Pods_011_SportNote.framework; sourceTree = BUILT_PRODUCTS_DIR; };
		E9D475FB0524BAB6B9DEC843 /* Pods-011-SportNote.debug.xcconfig */ = {isa = PBXFileReference; includeInIndex = 1; lastKnownFileType = text.xcconfig; name = "Pods-011-SportNote.debug.xcconfig"; path = "Target Support Files/Pods-011-SportNote/Pods-011-SportNote.debug.xcconfig"; sourceTree = "<group>"; };
/* End PBXFileReference section */

/* Begin PBXFrameworksBuildPhase section */
		8D072B9F2C223E320046767D /* Frameworks */ = {
			isa = PBXFrameworksBuildPhase;
			buildActionMask = 2147483647;
			files = (
				D1393A717F91C00C0778DD66 /* Pods_SportsNoteTests.framework in Frameworks */,
			);
			runOnlyForDeploymentPostprocessing = 0;
		};
		8D665D2024A17CD300441B32 /* Frameworks */ = {
			isa = PBXFrameworksBuildPhase;
			buildActionMask = 2147483647;
			files = (
				8DCC058A24F8E40300744A61 /* MessageUI.framework in Frameworks */,
				8D57AFDD24A47FAB007450BF /* QuartzCore.framework in Frameworks */,
				30273E34BD83F3AA381B0985 /* Pods_011_SportNote.framework in Frameworks */,
			);
			runOnlyForDeploymentPostprocessing = 0;
		};
/* End PBXFrameworksBuildPhase section */

/* Begin PBXGroup section */
		4BC4D980DECE5E34BDB96AE6 /* Pods */ = {
			isa = PBXGroup;
			children = (
				E9D475FB0524BAB6B9DEC843 /* Pods-011-SportNote.debug.xcconfig */,
				071E6B678ABDFD4A674414D2 /* Pods-011-SportNote.release.xcconfig */,
				81CFCA9AEE2BD1C49B957183 /* Pods-SportsNoteTests.debug.xcconfig */,
				B17941B072A4CB7B8DAD523E /* Pods-SportsNoteTests.release.xcconfig */,
			);
			path = Pods;
			sourceTree = "<group>";
		};
		8D072BA32C223E320046767D /* SportsNoteTests */ = {
			isa = PBXGroup;
			children = (
				8D072BA42C223E320046767D /* SportsNoteTests.swift */,
			);
			path = SportsNoteTests;
			sourceTree = "<group>";
		};
		8D1522C12ADA1CEC002D1018 /* Task */ = {
			isa = PBXGroup;
			children = (
				8D1522C62ADC9E23002D1018 /* TaskViewModel.swift */,
				8D1522C42ADB6E5F002D1018 /* TaskDetailViewModel.swift */,
				8D1522C22ADA1D56002D1018 /* MeasuresViewModel.swift */,
				8DEF8A9D2AE499620018AF57 /* AddTaskViewModel.swift */,
			);
			path = Task;
			sourceTree = "<group>";
		};
		8D18E81427F65AA400035E99 /* Application */ = {
			isa = PBXGroup;
			children = (
				8D665D2624A17CD300441B32 /* AppDelegate.swift */,
				8D665D3124A17CD400441B32 /* LaunchScreen.storyboard */,
			);
			path = Application;
			sourceTree = "<group>";
		};
		8D18E81527F65ACC00035E99 /* Model */ = {
			isa = PBXGroup;
			children = (
				8D481D5227F807CF0082D956 /* DB */,
				8D481D5C27F860710082D956 /* OldModel */,
				8D18E81E27F65D9600035E99 /* Task */,
				8D481D6727F875640082D956 /* Target */,
				8D18E81F27F65D9E00035E99 /* Note */,
			);
			path = Model;
			sourceTree = "<group>";
		};
		8D18E81627F65AF400035E99 /* View */ = {
			isa = PBXGroup;
			children = (
				8D5CFBF827FBA30B008DF02E /* Group */,
				8D18E81B27F65CA200035E99 /* Task */,
				8D18E81C27F65CAA00035E99 /* Note */,
				8D481D6F27F98FE30082D956 /* Calendar */,
				8D18E81D27F65CBF00035E99 /* Setting */,
				8DC2948A2AD3B120009B8AF2 /* LocalizedLabel.swift */,
			);
			path = View;
			sourceTree = "<group>";
		};
		8D18E81727F65B0000035E99 /* Controller */ = {
			isa = PBXGroup;
			children = (
				8D5CFBF727FBA2FC008DF02E /* Group */,
				8D3FFE6027F66B210021C9FC /* Task */,
				8DC1931027F7BDA50097BF07 /* Note */,
				8D481D7227F990130082D956 /* Calendar */,
				8DC8DEA128399E9C00BD7F70 /* Setting */,
			);
			path = Controller;
			sourceTree = "<group>";
		};
		8D18E81827F65B0F00035E99 /* Coordinator */ = {
			isa = PBXGroup;
			children = (
				8D5CFBFF27FBACF2008DF02E /* Group */,
				8D3FFE5B27F665F90021C9FC /* Task */,
				8D3FFE5C27F666000021C9FC /* Note */,
				8D481D6C27F98F920082D956 /* Calendar */,
				8DC8DEA22839A34800BD7F70 /* Setting */,
				8D3FFE5527F664940021C9FC /* Coordinator.swift */,
				8D3FFE5727F665170021C9FC /* AppCoordinator.swift */,
				8D3FFE5927F665650021C9FC /* TabCoordinator.swift */,
			);
			path = Coordinator;
			sourceTree = "<group>";
		};
		8D18E81927F65B2300035E99 /* Resource */ = {
			isa = PBXGroup;
			children = (
				8DB9E58924DEBDFC0042A7A2 /* 011-SportNoteRelease.entitlements */,
				8D12B0C727F7D01E0040AF3D /* Definition+String.swift */,
				8D481D4A27F7D2870082D956 /* Localizable.strings */,
				8D665D2F24A17CD400441B32 /* Assets.xcassets */,
				8D57AFD424A44F5A007450BF /* GoogleService-Info.plist */,
				8D665D3424A17CD400441B32 /* Info.plist */,
				8D00EC322BEF9FD400257BAC /* PrivacyInfo.xcprivacy */,
			);
			path = Resource;
			sourceTree = "<group>";
		};
		8D18E81A27F65B3B00035E99 /* Utils */ = {
			isa = PBXGroup;
			children = (
				8D00EC342BF0426700257BAC /* AppInfo.swift */,
				8D481D6A27F98BF60082D956 /* Network.swift */,
				8D481D4C27F7D9030082D956 /* Definition.swift */,
				8D790DB52883CF1D0062838C /* Definition+Group.swift */,
				8D790DB32883CD610062838C /* Definition+Note.swift */,
				8D790DB72883CF8E0062838C /* Definition+Date.swift */,
				8DE6E10725F461DE0012DA54 /* UIViewController+UserDefaults.swift */,
				8D2A345825DBC8CC00ADE6C6 /* UIViewController+Alert.swift */,
				8D5A478F25EB1D6E009FB63B /* UIViewController+PickerView.swift */,
				8D3A4DBA25FC3D0B000D42C5 /* UIViewController+TextField.swift */,
				8D91CE992819EB25000D3B1F /* UIViewController+TextView.swift */,
			);
			path = Utils;
			sourceTree = "<group>";
		};
		8D18E81B27F65CA200035E99 /* Task */ = {
			isa = PBXGroup;
			children = (
				8DC1930C27F7B8690097BF07 /* TaskViewController.xib */,
				8D91CE702806295C000D3B1F /* TaskDetailViewController.xib */,
				8D91CE7C280AED5A000D3B1F /* MeasuresViewController.xib */,
				8D91CE762808CA57000D3B1F /* AddTaskViewController.xib */,
			);
			path = Task;
			sourceTree = "<group>";
		};
		8D18E81C27F65CAA00035E99 /* Note */ = {
			isa = PBXGroup;
			children = (
				8DC1931727F7CB9B0097BF07 /* NoteViewController.xib */,
				8D2770472B2FAF58006608E0 /* NotePageViewController.xib */,
				8DA277AE2B3B8B45001017F3 /* NoteDetailViewController.xib */,
				8DBE025E285938D90047C751 /* NoteFilterViewController.xib */,
				8D91CE8E28138239000D3B1F /* FreeNoteViewController.xib */,
				8D91CE94281896E6000D3B1F /* AddPracticeNoteViewController.xib */,
				8D91CE88280CC80C000D3B1F /* AddTournamentNoteViewController.xib */,
				8D69FC9724B7085900DFECB3 /* TaskCellForAddNote.xib */,
				8DBD613A2B429F7D0084CE45 /* TaskCellForNoteDetailView.xib */,
				8DB8B04428797F1800DF88FD /* NoteCell.xib */,
			);
			path = Note;
			sourceTree = "<group>";
		};
		8D18E81D27F65CBF00035E99 /* Setting */ = {
			isa = PBXGroup;
			children = (
				8DC8DE9E28399E8F00BD7F70 /* SettingViewController.xib */,
				8DB579D22844207E00245025 /* LoginViewController.xib */,
				8D2BE0C6284EB238009AC672 /* PageViewController.xib */,
				8D2BE0CC2852A09C009AC672 /* TutorialViewController.xib */,
			);
			path = Setting;
			sourceTree = "<group>";
		};
		8D18E81E27F65D9600035E99 /* Task */ = {
			isa = PBXGroup;
			children = (
				8D481D6127F864F20082D956 /* Group.swift */,
				8D481D5F27F862E10082D956 /* TaskData.swift */,
				8D481D6327F865D70082D956 /* Measures.swift */,
				8D481D6527F8678E0082D956 /* Memo.swift */,
			);
			path = Task;
			sourceTree = "<group>";
		};
		8D18E81F27F65D9E00035E99 /* Note */ = {
			isa = PBXGroup;
			children = (
				8D91CE9B281EC364000D3B1F /* Note.swift */,
			);
			path = Note;
			sourceTree = "<group>";
		};
		8D3FFE5B27F665F90021C9FC /* Task */ = {
			isa = PBXGroup;
			children = (
				8D3FFE5E27F666A20021C9FC /* TaskCoordinator.swift */,
				8D91CE73280777E8000D3B1F /* TaskDetailCoordinator.swift */,
				8D91CE7F280B07EE000D3B1F /* MeasuresCoordinator.swift */,
				8D91CE792808D9CC000D3B1F /* AddTaskCoordinator.swift */,
			);
			path = Task;
			sourceTree = "<group>";
		};
		8D3FFE5C27F666000021C9FC /* Note */ = {
			isa = PBXGroup;
			children = (
				8DC1931327F7BE320097BF07 /* NoteCoordinator.swift */,
				8D27704A2B2FB09C006608E0 /* NotePageCoordinator.swift */,
				8DBE026128593BDE0047C751 /* NoteFilterCoordinator.swift */,
				8D91CE9128138668000D3B1F /* FreeNoteCoordinator.swift */,
				8D91CE9728189EF9000D3B1F /* AddPracticeNoteCoordinator.swift */,
				8D91CE8B280CCC79000D3B1F /* AddTournamentNoteCoordinator.swift */,
			);
			path = Note;
			sourceTree = "<group>";
		};
		8D3FFE6027F66B210021C9FC /* Task */ = {
			isa = PBXGroup;
			children = (
				8D3FFE6127F66B400021C9FC /* TaskViewController.swift */,
				8D91CE6F2806295C000D3B1F /* TaskDetailViewController.swift */,
				8D91CE7B280AED5A000D3B1F /* MeasuresViewController.swift */,
				8D91CE752808CA57000D3B1F /* AddTaskViewController.swift */,
			);
			path = Task;
			sourceTree = "<group>";
		};
		8D481D5227F807CF0082D956 /* DB */ = {
			isa = PBXGroup;
			children = (
				8D481D5A27F8256E0082D956 /* SyncManager.swift */,
				8D481D5627F80EB50082D956 /* DataConverter.swift */,
				8D481D5427F808090082D956 /* FirebaseManager.swift */,
				8D481D7527F9C52A0082D956 /* RealmManager.swift */,
				8D20B2C12C2CCFD60054FF79 /* RealmActor.swift */,
			);
			path = DB;
			sourceTree = "<group>";
		};
		8D481D5C27F860710082D956 /* OldModel */ = {
			isa = PBXGroup;
			children = (
				8DCF350624F6554900055093 /* Task_old.swift */,
				8DCF350424F6554900055093 /* Target_old.swift */,
				8DCF350524F6554900055093 /* FreeNote_old.swift */,
				8DCF350324F6554900055093 /* Note_old.swift */,
			);
			path = OldModel;
			sourceTree = "<group>";
		};
		8D481D6727F875640082D956 /* Target */ = {
			isa = PBXGroup;
			children = (
				8D481D6827F875780082D956 /* Target.swift */,
			);
			path = Target;
			sourceTree = "<group>";
		};
		8D481D6C27F98F920082D956 /* Calendar */ = {
			isa = PBXGroup;
			children = (
				8D481D6D27F98FAF0082D956 /* CalendarCoordinator.swift */,
				8D91CE85280BBBA9000D3B1F /* AddTargetCoordinator.swift */,
			);
			path = Calendar;
			sourceTree = "<group>";
		};
		8D481D6F27F98FE30082D956 /* Calendar */ = {
			isa = PBXGroup;
			children = (
				8D481D7027F98FFD0082D956 /* CalendarViewController.xib */,
				8D91CE82280BA800000D3B1F /* AddTargetViewController.xib */,
			);
			path = Calendar;
			sourceTree = "<group>";
		};
		8D481D7227F990130082D956 /* Calendar */ = {
			isa = PBXGroup;
			children = (
				8D481D7327F990410082D956 /* CalendarViewController.swift */,
				8D91CE81280BA800000D3B1F /* AddTargetViewController.swift */,
			);
			path = Calendar;
			sourceTree = "<group>";
		};
		8D5CFBF727FBA2FC008DF02E /* Group */ = {
			isa = PBXGroup;
			children = (
				8D5CFC0A2802D925008DF02E /* GroupViewController.swift */,
				8D5CFC0628024C94008DF02E /* GroupHeaderView.swift */,
				8D5CFBFB27FBA36A008DF02E /* AddGroupViewController.swift */,
			);
			path = Group;
			sourceTree = "<group>";
		};
		8D5CFBF827FBA30B008DF02E /* Group */ = {
			isa = PBXGroup;
			children = (
				8DC294882AD3B017009B8AF2 /* GroupViewController.xib */,
				8D5CFC0828024CA4008DF02E /* GroupHeaderView.xib */,
				8D5CFBFC27FBA36A008DF02E /* AddGroupViewController.xib */,
			);
			path = Group;
			sourceTree = "<group>";
		};
		8D5CFBFF27FBACF2008DF02E /* Group */ = {
			isa = PBXGroup;
			children = (
				8D5CFC0E28038D43008DF02E /* GroupCoordinator.swift */,
				8D5CFC0027FBAD1B008DF02E /* AddGroupCoordinator.swift */,
			);
			path = Group;
			sourceTree = "<group>";
		};
		8D665D1A24A17CD300441B32 = {
			isa = PBXGroup;
			children = (
				8D665D2524A17CD300441B32 /* 011-SportNote */,
				8D072BA32C223E320046767D /* SportsNoteTests */,
				8D665D2424A17CD300441B32 /* Products */,
				4BC4D980DECE5E34BDB96AE6 /* Pods */,
				C286C2B0EED91BEBB760A936 /* Frameworks */,
			);
			sourceTree = "<group>";
		};
		8D665D2424A17CD300441B32 /* Products */ = {
			isa = PBXGroup;
			children = (
				8D665D2324A17CD300441B32 /* 011-SportNote.app */,
				8D072BA22C223E320046767D /* SportsNoteTests.xctest */,
			);
			name = Products;
			sourceTree = "<group>";
		};
		8D665D2524A17CD300441B32 /* 011-SportNote */ = {
			isa = PBXGroup;
			children = (
				8D18E81427F65AA400035E99 /* Application */,
				8D18E81527F65ACC00035E99 /* Model */,
				8D18E81627F65AF400035E99 /* View */,
				8DC294822AD24905009B8AF2 /* ViewModel */,
				8D18E81727F65B0000035E99 /* Controller */,
				8D18E81827F65B0F00035E99 /* Coordinator */,
				8D18E81A27F65B3B00035E99 /* Utils */,
				8D18E81927F65B2300035E99 /* Resource */,
			);
			path = "011-SportNote";
			sourceTree = "<group>";
		};
		8DC1931027F7BDA50097BF07 /* Note */ = {
			isa = PBXGroup;
			children = (
				8DC1931527F7CB5B0097BF07 /* NoteViewController.swift */,
				8D2770462B2FAF58006608E0 /* NotePageViewController.swift */,
				8DA277AD2B3B8B45001017F3 /* NoteDetailViewController.swift */,
				8DBE025D285938D90047C751 /* NoteFilterViewController.swift */,
				8D91CE8D28138239000D3B1F /* FreeNoteViewController.swift */,
				8D91CE93281896E6000D3B1F /* AddPracticeNoteViewController.swift */,
				8D91CE87280CC80C000D3B1F /* AddTournamentNoteViewController.swift */,
				8D69FC9624B7085900DFECB3 /* TaskCellForAddNote.swift */,
				8DBD61392B429F7D0084CE45 /* TaskCellForNoteDetailView.swift */,
				8DB8B04328797F1800DF88FD /* NoteCell.swift */,
			);
			path = Note;
			sourceTree = "<group>";
		};
		8DC294822AD24905009B8AF2 /* ViewModel */ = {
			isa = PBXGroup;
			children = (
				8DC294832AD24914009B8AF2 /* Group */,
				8D1522C12ADA1CEC002D1018 /* Task */,
				8DEF8A9F2AEC70110018AF57 /* Note */,
				8DEF8AA42AF47DCE0018AF57 /* Calendar */,
				8DD228062AFAF09D00C846BA /* Setting */,
			);
			path = ViewModel;
			sourceTree = "<group>";
		};
		8DC294832AD24914009B8AF2 /* Group */ = {
			isa = PBXGroup;
			children = (
				8DC294842AD35F6B009B8AF2 /* GroupViewModel.swift */,
				8D1522BF2AD758B0002D1018 /* AddGroupViewModel.swift */,
			);
			path = Group;
			sourceTree = "<group>";
		};
		8DC8DEA128399E9C00BD7F70 /* Setting */ = {
			isa = PBXGroup;
			children = (
				8DC8DE9D28399E8F00BD7F70 /* SettingViewController.swift */,
				8DB579D12844207E00245025 /* LoginViewController.swift */,
				8D2BE0C5284EB238009AC672 /* PageViewController.swift */,
				8D2BE0CB2852A09C009AC672 /* TutorialViewController.swift */,
			);
			path = Setting;
			sourceTree = "<group>";
		};
		8DC8DEA22839A34800BD7F70 /* Setting */ = {
			isa = PBXGroup;
			children = (
				8DC8DEA32839A36400BD7F70 /* SettingCoordinator.swift */,
				8DB579D5284428F400245025 /* LoginCoordinator.swift */,
				8D2BE0C9284EB7CB009AC672 /* PageViewCoordinator.swift */,
			);
			path = Setting;
			sourceTree = "<group>";
		};
		8DD228062AFAF09D00C846BA /* Setting */ = {
			isa = PBXGroup;
			children = (
				8DD228072AFAF0CE00C846BA /* SettingViewModel.swift */,
			);
			path = Setting;
			sourceTree = "<group>";
		};
		8DEF8A9F2AEC70110018AF57 /* Note */ = {
			isa = PBXGroup;
			children = (
				8DEF8AA02AEC70300018AF57 /* FreeNoteViewModel.swift */,
				8DEF8AA22AED28080018AF57 /* NoteViewModel.swift */,
				8DA277AB2B387C04001017F3 /* NotePageViewModel.swift */,
				8DA277B12B3E5275001017F3 /* NoteDetailViewModel.swift */,
			);
			path = Note;
			sourceTree = "<group>";
		};
		8DEF8AA42AF47DCE0018AF57 /* Calendar */ = {
			isa = PBXGroup;
			children = (
				8DEF8AA52AF47DEE0018AF57 /* AddTargetViewModel.swift */,
			);
			path = Calendar;
			sourceTree = "<group>";
		};
		C286C2B0EED91BEBB760A936 /* Frameworks */ = {
			isa = PBXGroup;
			children = (
				8DCC058924F8E40300744A61 /* MessageUI.framework */,
				8D57AFDC24A47FAB007450BF /* QuartzCore.framework */,
				BDA261F78691EA8E50FB447F /* Pods_011_SportNote.framework */,
				89F4C71C9B6527EDD994BC2B /* Pods_SportsNoteTests.framework */,
			);
			name = Frameworks;
			sourceTree = "<group>";
		};
/* End PBXGroup section */

/* Begin PBXNativeTarget section */
		8D072BA12C223E320046767D /* SportsNoteTests */ = {
			isa = PBXNativeTarget;
			buildConfigurationList = 8D072BAA2C223E320046767D /* Build configuration list for PBXNativeTarget "SportsNoteTests" */;
			buildPhases = (
				0CF695D57CB0929C41BDFA2A /* [CP] Check Pods Manifest.lock */,
				8D072B9E2C223E320046767D /* Sources */,
				8D072B9F2C223E320046767D /* Frameworks */,
				8D072BA02C223E320046767D /* Resources */,
			);
			buildRules = (
			);
			dependencies = (
				8D072BA72C223E320046767D /* PBXTargetDependency */,
			);
			name = SportsNoteTests;
			productName = SportsNoteTests;
			productReference = 8D072BA22C223E320046767D /* SportsNoteTests.xctest */;
			productType = "com.apple.product-type.bundle.unit-test";
		};
		8D665D2224A17CD300441B32 /* 011-SportNote */ = {
			isa = PBXNativeTarget;
			buildConfigurationList = 8D665D3724A17CD400441B32 /* Build configuration list for PBXNativeTarget "011-SportNote" */;
			buildPhases = (
				51CB6D2787A5E34A155250A6 /* [CP] Check Pods Manifest.lock */,
				8D665D1F24A17CD300441B32 /* Sources */,
				8D665D2024A17CD300441B32 /* Frameworks */,
				8D665D2124A17CD300441B32 /* Resources */,
				4C915E70B688D14840AF22BB /* [CP] Embed Pods Frameworks */,
				05EBACAEC061E1AA3F94514A /* [CP] Copy Pods Resources */,
			);
			buildRules = (
			);
			dependencies = (
			);
			name = "011-SportNote";
			productName = "011-SportNote";
			productReference = 8D665D2324A17CD300441B32 /* 011-SportNote.app */;
			productType = "com.apple.product-type.application";
		};
/* End PBXNativeTarget section */

/* Begin PBXProject section */
		8D665D1B24A17CD300441B32 /* Project object */ = {
			isa = PBXProject;
			attributes = {
				LastSwiftUpdateCheck = 1600;
				LastUpgradeCheck = 1240;
				ORGANIZATIONNAME = "Takatoshi Miura";
				TargetAttributes = {
					8D072BA12C223E320046767D = {
						CreatedOnToolsVersion = 16.0;
						TestTargetID = 8D665D2224A17CD300441B32;
					};
					8D665D2224A17CD300441B32 = {
						CreatedOnToolsVersion = 11.5;
						LastSwiftMigration = 1150;
					};
				};
			};
			buildConfigurationList = 8D665D1E24A17CD300441B32 /* Build configuration list for PBXProject "011-SportNote" */;
			compatibilityVersion = "Xcode 9.3";
			developmentRegion = en;
			hasScannedForEncodings = 0;
			knownRegions = (
				en,
				Base,
				ja,
			);
			mainGroup = 8D665D1A24A17CD300441B32;
			productRefGroup = 8D665D2424A17CD300441B32 /* Products */;
			projectDirPath = "";
			projectRoot = "";
			targets = (
				8D665D2224A17CD300441B32 /* 011-SportNote */,
				8D072BA12C223E320046767D /* SportsNoteTests */,
			);
		};
/* End PBXProject section */

/* Begin PBXResourcesBuildPhase section */
		8D072BA02C223E320046767D /* Resources */ = {
			isa = PBXResourcesBuildPhase;
			buildActionMask = 2147483647;
			files = (
			);
			runOnlyForDeploymentPostprocessing = 0;
		};
		8D665D2124A17CD300441B32 /* Resources */ = {
			isa = PBXResourcesBuildPhase;
			buildActionMask = 2147483647;
			files = (
				8D91CE722806295C000D3B1F /* TaskDetailViewController.xib in Resources */,
				8D91CE782808CA57000D3B1F /* AddTaskViewController.xib in Resources */,
				8D481D4827F7D2870082D956 /* Localizable.strings in Resources */,
				8DBD613C2B429F7E0084CE45 /* TaskCellForNoteDetailView.xib in Resources */,
				8D91CE84280BA800000D3B1F /* AddTargetViewController.xib in Resources */,
				8D2770492B2FAF58006608E0 /* NotePageViewController.xib in Resources */,
				8DC1931827F7CB9B0097BF07 /* NoteViewController.xib in Resources */,
				8D91CE7E280AED5A000D3B1F /* MeasuresViewController.xib in Resources */,
				8DC8DEA028399E8F00BD7F70 /* SettingViewController.xib in Resources */,
				8D665D3324A17CD400441B32 /* LaunchScreen.storyboard in Resources */,
				8D57AFD524A44F5A007450BF /* GoogleService-Info.plist in Resources */,
				8DC1930D27F7B8690097BF07 /* TaskViewController.xib in Resources */,
				8D481D7127F98FFD0082D956 /* CalendarViewController.xib in Resources */,
				8D2BE0C8284EB238009AC672 /* PageViewController.xib in Resources */,
				8D91CE9028138239000D3B1F /* FreeNoteViewController.xib in Resources */,
				8D665D3024A17CD400441B32 /* Assets.xcassets in Resources */,
				8DA277B02B3B8B45001017F3 /* NoteDetailViewController.xib in Resources */,
				8DB579D42844207E00245025 /* LoginViewController.xib in Resources */,
				8DB8B04628797F1800DF88FD /* NoteCell.xib in Resources */,
				8DC294862AD3B017009B8AF2 /* GroupViewController.xib in Resources */,
				8D5CFC0928024CA4008DF02E /* GroupHeaderView.xib in Resources */,
				8D91CE8A280CC80C000D3B1F /* AddTournamentNoteViewController.xib in Resources */,
				8D00EC332BEF9FD400257BAC /* PrivacyInfo.xcprivacy in Resources */,
				8D5CFBFE27FBA36A008DF02E /* AddGroupViewController.xib in Resources */,
				8D69FC9924B7085900DFECB3 /* TaskCellForAddNote.xib in Resources */,
				8D91CE96281896E6000D3B1F /* AddPracticeNoteViewController.xib in Resources */,
				8DBE0260285938D90047C751 /* NoteFilterViewController.xib in Resources */,
				8D2BE0CE2852A09C009AC672 /* TutorialViewController.xib in Resources */,
			);
			runOnlyForDeploymentPostprocessing = 0;
		};
/* End PBXResourcesBuildPhase section */

/* Begin PBXShellScriptBuildPhase section */
		05EBACAEC061E1AA3F94514A /* [CP] Copy Pods Resources */ = {
			isa = PBXShellScriptBuildPhase;
			buildActionMask = 2147483647;
			files = (
			);
			inputFileListPaths = (
				"${PODS_ROOT}/Target Support Files/Pods-011-SportNote/Pods-011-SportNote-resources-${CONFIGURATION}-input-files.xcfilelist",
			);
			name = "[CP] Copy Pods Resources";
			outputFileListPaths = (
				"${PODS_ROOT}/Target Support Files/Pods-011-SportNote/Pods-011-SportNote-resources-${CONFIGURATION}-output-files.xcfilelist",
			);
			runOnlyForDeploymentPostprocessing = 0;
			shellPath = /bin/sh;
			shellScript = "\"${PODS_ROOT}/Target Support Files/Pods-011-SportNote/Pods-011-SportNote-resources.sh\"\n";
			showEnvVarsInLog = 0;
		};
		0CF695D57CB0929C41BDFA2A /* [CP] Check Pods Manifest.lock */ = {
			isa = PBXShellScriptBuildPhase;
			buildActionMask = 2147483647;
			files = (
			);
			inputFileListPaths = (
			);
			inputPaths = (
				"${PODS_PODFILE_DIR_PATH}/Podfile.lock",
				"${PODS_ROOT}/Manifest.lock",
			);
			name = "[CP] Check Pods Manifest.lock";
			outputFileListPaths = (
			);
			outputPaths = (
				"$(DERIVED_FILE_DIR)/Pods-SportsNoteTests-checkManifestLockResult.txt",
			);
			runOnlyForDeploymentPostprocessing = 0;
			shellPath = /bin/sh;
			shellScript = "diff \"${PODS_PODFILE_DIR_PATH}/Podfile.lock\" \"${PODS_ROOT}/Manifest.lock\" > /dev/null\nif [ $? != 0 ] ; then\n    # print error to STDERR\n    echo \"error: The sandbox is not in sync with the Podfile.lock. Run 'pod install' or update your CocoaPods installation.\" >&2\n    exit 1\nfi\n# This output is used by Xcode 'outputs' to avoid re-running this script phase.\necho \"SUCCESS\" > \"${SCRIPT_OUTPUT_FILE_0}\"\n";
			showEnvVarsInLog = 0;
		};
		4C915E70B688D14840AF22BB /* [CP] Embed Pods Frameworks */ = {
			isa = PBXShellScriptBuildPhase;
			buildActionMask = 2147483647;
			files = (
			);
			inputFileListPaths = (
				"${PODS_ROOT}/Target Support Files/Pods-011-SportNote/Pods-011-SportNote-frameworks-${CONFIGURATION}-input-files.xcfilelist",
			);
			name = "[CP] Embed Pods Frameworks";
			outputFileListPaths = (
				"${PODS_ROOT}/Target Support Files/Pods-011-SportNote/Pods-011-SportNote-frameworks-${CONFIGURATION}-output-files.xcfilelist",
			);
			runOnlyForDeploymentPostprocessing = 0;
			shellPath = /bin/sh;
			shellScript = "\"${PODS_ROOT}/Target Support Files/Pods-011-SportNote/Pods-011-SportNote-frameworks.sh\"\n";
			showEnvVarsInLog = 0;
		};
		51CB6D2787A5E34A155250A6 /* [CP] Check Pods Manifest.lock */ = {
			isa = PBXShellScriptBuildPhase;
			buildActionMask = 2147483647;
			files = (
			);
			inputFileListPaths = (
			);
			inputPaths = (
				"${PODS_PODFILE_DIR_PATH}/Podfile.lock",
				"${PODS_ROOT}/Manifest.lock",
			);
			name = "[CP] Check Pods Manifest.lock";
			outputFileListPaths = (
			);
			outputPaths = (
				"$(DERIVED_FILE_DIR)/Pods-011-SportNote-checkManifestLockResult.txt",
			);
			runOnlyForDeploymentPostprocessing = 0;
			shellPath = /bin/sh;
			shellScript = "diff \"${PODS_PODFILE_DIR_PATH}/Podfile.lock\" \"${PODS_ROOT}/Manifest.lock\" > /dev/null\nif [ $? != 0 ] ; then\n    # print error to STDERR\n    echo \"error: The sandbox is not in sync with the Podfile.lock. Run 'pod install' or update your CocoaPods installation.\" >&2\n    exit 1\nfi\n# This output is used by Xcode 'outputs' to avoid re-running this script phase.\necho \"SUCCESS\" > \"${SCRIPT_OUTPUT_FILE_0}\"\n";
			showEnvVarsInLog = 0;
		};
/* End PBXShellScriptBuildPhase section */

/* Begin PBXSourcesBuildPhase section */
		8D072B9E2C223E320046767D /* Sources */ = {
			isa = PBXSourcesBuildPhase;
			buildActionMask = 2147483647;
			files = (
				8D072BA52C223E320046767D /* SportsNoteTests.swift in Sources */,
			);
			runOnlyForDeploymentPostprocessing = 0;
		};
		8D665D1F24A17CD300441B32 /* Sources */ = {
			isa = PBXSourcesBuildPhase;
			buildActionMask = 2147483647;
			files = (
				8DA277AC2B387C05001017F3 /* NotePageViewModel.swift in Sources */,
				8D481D7427F990410082D956 /* CalendarViewController.swift in Sources */,
				8DEF8A9E2AE499620018AF57 /* AddTaskViewModel.swift in Sources */,
				8DB579D32844207E00245025 /* LoginViewController.swift in Sources */,
				8DCF350924F6554900055093 /* FreeNote_old.swift in Sources */,
				8DA277B22B3E5275001017F3 /* NoteDetailViewModel.swift in Sources */,
				8DBE026228593BDE0047C751 /* NoteFilterCoordinator.swift in Sources */,
				8DE6E10825F461DE0012DA54 /* UIViewController+UserDefaults.swift in Sources */,
				8D3FFE5827F665170021C9FC /* AppCoordinator.swift in Sources */,
				8D481D6427F865D70082D956 /* Measures.swift in Sources */,
				8D2BE0CA284EB7CB009AC672 /* PageViewCoordinator.swift in Sources */,
				8D3A4DBB25FC3D0B000D42C5 /* UIViewController+TextField.swift in Sources */,
				8D3FFE6227F66B400021C9FC /* TaskViewController.swift in Sources */,
				8DCF350724F6554900055093 /* Note_old.swift in Sources */,
				8D2BE0C7284EB238009AC672 /* PageViewController.swift in Sources */,
				8D1522C02AD758B0002D1018 /* AddGroupViewModel.swift in Sources */,
				8D5CFBFD27FBA36A008DF02E /* AddGroupViewController.swift in Sources */,
				8D91CE80280B07EE000D3B1F /* MeasuresCoordinator.swift in Sources */,
				8DA277AF2B3B8B45001017F3 /* NoteDetailViewController.swift in Sources */,
				8DC1931627F7CB5B0097BF07 /* NoteViewController.swift in Sources */,
				8DB8B04528797F1800DF88FD /* NoteCell.swift in Sources */,
				8D91CE8C280CCC79000D3B1F /* AddTournamentNoteCoordinator.swift in Sources */,
				8D1522C52ADB6E5F002D1018 /* TaskDetailViewModel.swift in Sources */,
				8D91CE772808CA57000D3B1F /* AddTaskViewController.swift in Sources */,
				8D3FFE5F27F666A20021C9FC /* TaskCoordinator.swift in Sources */,
				8D91CE9C281EC364000D3B1F /* Note.swift in Sources */,
				8D3FFE5A27F665650021C9FC /* TabCoordinator.swift in Sources */,
				8D1522C32ADA1D56002D1018 /* MeasuresViewModel.swift in Sources */,
				8D2BE0CD2852A09C009AC672 /* TutorialViewController.swift in Sources */,
				8DEF8AA32AED28080018AF57 /* NoteViewModel.swift in Sources */,
				8D69FC9824B7085900DFECB3 /* TaskCellForAddNote.swift in Sources */,
				8D481D5527F808090082D956 /* FirebaseManager.swift in Sources */,
				8DCF350A24F6554900055093 /* Task_old.swift in Sources */,
				8D91CE89280CC80C000D3B1F /* AddTournamentNoteViewController.swift in Sources */,
				8DC1931427F7BE320097BF07 /* NoteCoordinator.swift in Sources */,
				8D1522C72ADC9E23002D1018 /* TaskViewModel.swift in Sources */,
				8D91CE95281896E6000D3B1F /* AddPracticeNoteViewController.swift in Sources */,
				8D91CE9228138668000D3B1F /* FreeNoteCoordinator.swift in Sources */,
				8DC8DE9F28399E8F00BD7F70 /* SettingViewController.swift in Sources */,
				8D481D5727F80EB50082D956 /* DataConverter.swift in Sources */,
				8D5A479025EB1D6E009FB63B /* UIViewController+PickerView.swift in Sources */,
				8D91CE86280BBBA9000D3B1F /* AddTargetCoordinator.swift in Sources */,
				8DD228082AFAF0CE00C846BA /* SettingViewModel.swift in Sources */,
				8D790DB42883CD620062838C /* Definition+Note.swift in Sources */,
				8DBD613B2B429F7E0084CE45 /* TaskCellForNoteDetailView.swift in Sources */,
				8D481D6627F8678E0082D956 /* Memo.swift in Sources */,
				8D2770482B2FAF58006608E0 /* NotePageViewController.swift in Sources */,
				8D5CFC0728024C94008DF02E /* GroupHeaderView.swift in Sources */,
				8D12B0C827F7D01E0040AF3D /* Definition+String.swift in Sources */,
				8D91CE8F28138239000D3B1F /* FreeNoteViewController.swift in Sources */,
				8D481D6B27F98BF60082D956 /* Network.swift in Sources */,
				8D481D6E27F98FAF0082D956 /* CalendarCoordinator.swift in Sources */,
				8D91CE9828189EF9000D3B1F /* AddPracticeNoteCoordinator.swift in Sources */,
				8D3FFE5627F664940021C9FC /* Coordinator.swift in Sources */,
				8D91CE9A2819EB25000D3B1F /* UIViewController+TextView.swift in Sources */,
				8D481D6227F864F20082D956 /* Group.swift in Sources */,
				8D665D2724A17CD300441B32 /* AppDelegate.swift in Sources */,
				8D481D4D27F7D9040082D956 /* Definition.swift in Sources */,
				8D5CFC0127FBAD1B008DF02E /* AddGroupCoordinator.swift in Sources */,
				8D91CE7A2808D9CC000D3B1F /* AddTaskCoordinator.swift in Sources */,
				8D00EC352BF0426700257BAC /* AppInfo.swift in Sources */,
				8DEF8AA12AEC70300018AF57 /* FreeNoteViewModel.swift in Sources */,
				8D27704B2B2FB09C006608E0 /* NotePageCoordinator.swift in Sources */,
				8D91CE74280777E8000D3B1F /* TaskDetailCoordinator.swift in Sources */,
				8DB579D6284428F400245025 /* LoginCoordinator.swift in Sources */,
				8D790DB62883CF1D0062838C /* Definition+Group.swift in Sources */,
				8D481D6927F875780082D956 /* Target.swift in Sources */,
				8DBE025F285938D90047C751 /* NoteFilterViewController.swift in Sources */,
				8DC8DEA42839A36400BD7F70 /* SettingCoordinator.swift in Sources */,
				8DEF8AA62AF47DEE0018AF57 /* AddTargetViewModel.swift in Sources */,
				8D790DB82883CF8E0062838C /* Definition+Date.swift in Sources */,
				8D5CFC0C2802D925008DF02E /* GroupViewController.swift in Sources */,
				8DC294852AD35F6B009B8AF2 /* GroupViewModel.swift in Sources */,
				8D20B2C22C2CCFD60054FF79 /* RealmActor.swift in Sources */,
				8D481D5B27F8256E0082D956 /* SyncManager.swift in Sources */,
				8D91CE712806295C000D3B1F /* TaskDetailViewController.swift in Sources */,
				8D481D7627F9C52A0082D956 /* RealmManager.swift in Sources */,
				8DC2948B2AD3B120009B8AF2 /* LocalizedLabel.swift in Sources */,
				8D2A345925DBC8CC00ADE6C6 /* UIViewController+Alert.swift in Sources */,
				8D5CFC0F28038D43008DF02E /* GroupCoordinator.swift in Sources */,
				8DCF350824F6554900055093 /* Target_old.swift in Sources */,
				8D91CE7D280AED5A000D3B1F /* MeasuresViewController.swift in Sources */,
				8D91CE83280BA800000D3B1F /* AddTargetViewController.swift in Sources */,
				8D481D6027F862E10082D956 /* TaskData.swift in Sources */,
			);
			runOnlyForDeploymentPostprocessing = 0;
		};
/* End PBXSourcesBuildPhase section */

/* Begin PBXTargetDependency section */
		8D072BA72C223E320046767D /* PBXTargetDependency */ = {
			isa = PBXTargetDependency;
			target = 8D665D2224A17CD300441B32 /* 011-SportNote */;
			targetProxy = 8D072BA62C223E320046767D /* PBXContainerItemProxy */;
		};
/* End PBXTargetDependency section */

/* Begin PBXVariantGroup section */
		8D481D4A27F7D2870082D956 /* Localizable.strings */ = {
			isa = PBXVariantGroup;
			children = (
				8D481D4927F7D2870082D956 /* en */,
				8D481D4B27F7D28C0082D956 /* ja */,
			);
			name = Localizable.strings;
			sourceTree = "<group>";
		};
		8D665D3124A17CD400441B32 /* LaunchScreen.storyboard */ = {
			isa = PBXVariantGroup;
			children = (
				8D665D3224A17CD400441B32 /* Base */,
				8D481D4527F7D1550082D956 /* ja */,
			);
			name = LaunchScreen.storyboard;
			sourceTree = "<group>";
		};
		8DC294882AD3B017009B8AF2 /* GroupViewController.xib */ = {
			isa = PBXVariantGroup;
			children = (
				8DC294872AD3B017009B8AF2 /* Base */,
				8DC294892AD3B017009B8AF2 /* mul */,
			);
			name = GroupViewController.xib;
			sourceTree = "<group>";
		};
/* End PBXVariantGroup section */

/* Begin XCBuildConfiguration section */
		8D072BA82C223E320046767D /* Debug */ = {
			isa = XCBuildConfiguration;
			baseConfigurationReference = 81CFCA9AEE2BD1C49B957183 /* Pods-SportsNoteTests.debug.xcconfig */;
			buildSettings = {
				ASSETCATALOG_COMPILER_GENERATE_SWIFT_ASSET_SYMBOL_EXTENSIONS = YES;
				BUNDLE_LOADER = "$(TEST_HOST)";
				CLANG_CXX_LANGUAGE_STANDARD = "gnu++20";
				CODE_SIGN_STYLE = Automatic;
				CURRENT_PROJECT_VERSION = 1;
				DEVELOPMENT_TEAM = 9YB68MR5FL;
				ENABLE_USER_SCRIPT_SANDBOXING = YES;
				GCC_C_LANGUAGE_STANDARD = gnu17;
				GENERATE_INFOPLIST_FILE = YES;
				IPHONEOS_DEPLOYMENT_TARGET = 15.0;
				LOCALIZATION_PREFERS_STRING_CATALOGS = YES;
				MARKETING_VERSION = 1.0;
				PRODUCT_BUNDLE_IDENTIFIER = com.it6210.Takatoshi.Miura.SwiftPlayGround.SportsNoteTests;
				PRODUCT_NAME = "$(TARGET_NAME)";
				SWIFT_ACTIVE_COMPILATION_CONDITIONS = "DEBUG $(inherited)";
				SWIFT_EMIT_LOC_STRINGS = NO;
				SWIFT_VERSION = 5.0;
				TARGETED_DEVICE_FAMILY = "1,2";
				TEST_HOST = "$(BUILT_PRODUCTS_DIR)/011-SportNote.app/$(BUNDLE_EXECUTABLE_FOLDER_PATH)/011-SportNote";
			};
			name = Debug;
		};
		8D072BA92C223E320046767D /* Release */ = {
			isa = XCBuildConfiguration;
			baseConfigurationReference = B17941B072A4CB7B8DAD523E /* Pods-SportsNoteTests.release.xcconfig */;
			buildSettings = {
				ASSETCATALOG_COMPILER_GENERATE_SWIFT_ASSET_SYMBOL_EXTENSIONS = YES;
				BUNDLE_LOADER = "$(TEST_HOST)";
				CLANG_CXX_LANGUAGE_STANDARD = "gnu++20";
				CODE_SIGN_STYLE = Automatic;
				CURRENT_PROJECT_VERSION = 1;
				DEVELOPMENT_TEAM = 9YB68MR5FL;
				ENABLE_USER_SCRIPT_SANDBOXING = YES;
				GCC_C_LANGUAGE_STANDARD = gnu17;
				GENERATE_INFOPLIST_FILE = YES;
				IPHONEOS_DEPLOYMENT_TARGET = 15.0;
				LOCALIZATION_PREFERS_STRING_CATALOGS = YES;
				MARKETING_VERSION = 1.0;
				PRODUCT_BUNDLE_IDENTIFIER = com.it6210.Takatoshi.Miura.SwiftPlayGround.SportsNoteTests;
				PRODUCT_NAME = "$(TARGET_NAME)";
				SWIFT_EMIT_LOC_STRINGS = NO;
				SWIFT_VERSION = 5.0;
				TARGETED_DEVICE_FAMILY = "1,2";
				TEST_HOST = "$(BUILT_PRODUCTS_DIR)/011-SportNote.app/$(BUNDLE_EXECUTABLE_FOLDER_PATH)/011-SportNote";
			};
			name = Release;
		};
		8D665D3524A17CD400441B32 /* Debug */ = {
			isa = XCBuildConfiguration;
			buildSettings = {
				ALWAYS_SEARCH_USER_PATHS = NO;
				CLANG_ANALYZER_LOCALIZABILITY_NONLOCALIZED = YES;
				CLANG_ANALYZER_NONNULL = YES;
				CLANG_ANALYZER_NUMBER_OBJECT_CONVERSION = YES_AGGRESSIVE;
				CLANG_CXX_LANGUAGE_STANDARD = "gnu++14";
				CLANG_CXX_LIBRARY = "libc++";
				CLANG_ENABLE_MODULES = YES;
				CLANG_ENABLE_OBJC_ARC = YES;
				CLANG_ENABLE_OBJC_WEAK = YES;
				CLANG_WARN_BLOCK_CAPTURE_AUTORELEASING = YES;
				CLANG_WARN_BOOL_CONVERSION = YES;
				CLANG_WARN_COMMA = YES;
				CLANG_WARN_CONSTANT_CONVERSION = YES;
				CLANG_WARN_DEPRECATED_OBJC_IMPLEMENTATIONS = YES;
				CLANG_WARN_DIRECT_OBJC_ISA_USAGE = YES_ERROR;
				CLANG_WARN_DOCUMENTATION_COMMENTS = YES;
				CLANG_WARN_EMPTY_BODY = YES;
				CLANG_WARN_ENUM_CONVERSION = YES;
				CLANG_WARN_INFINITE_RECURSION = YES;
				CLANG_WARN_INT_CONVERSION = YES;
				CLANG_WARN_NON_LITERAL_NULL_CONVERSION = YES;
				CLANG_WARN_OBJC_IMPLICIT_RETAIN_SELF = YES;
				CLANG_WARN_OBJC_LITERAL_CONVERSION = YES;
				CLANG_WARN_OBJC_ROOT_CLASS = YES_ERROR;
				CLANG_WARN_QUOTED_INCLUDE_IN_FRAMEWORK_HEADER = YES;
				CLANG_WARN_RANGE_LOOP_ANALYSIS = YES;
				CLANG_WARN_STRICT_PROTOTYPES = YES;
				CLANG_WARN_SUSPICIOUS_MOVE = YES;
				CLANG_WARN_UNGUARDED_AVAILABILITY = YES_AGGRESSIVE;
				CLANG_WARN_UNREACHABLE_CODE = YES;
				CLANG_WARN__DUPLICATE_METHOD_MATCH = YES;
				COPY_PHASE_STRIP = NO;
				DEBUG_INFORMATION_FORMAT = dwarf;
				ENABLE_STRICT_OBJC_MSGSEND = YES;
				ENABLE_TESTABILITY = YES;
				GCC_C_LANGUAGE_STANDARD = gnu11;
				GCC_DYNAMIC_NO_PIC = NO;
				GCC_NO_COMMON_BLOCKS = YES;
				GCC_OPTIMIZATION_LEVEL = 0;
				GCC_PREPROCESSOR_DEFINITIONS = (
					"DEBUG=1",
					"$(inherited)",
				);
				GCC_WARN_64_TO_32_BIT_CONVERSION = YES;
				GCC_WARN_ABOUT_RETURN_TYPE = YES_ERROR;
				GCC_WARN_UNDECLARED_SELECTOR = YES;
				GCC_WARN_UNINITIALIZED_AUTOS = YES_AGGRESSIVE;
				GCC_WARN_UNUSED_FUNCTION = YES;
				GCC_WARN_UNUSED_VARIABLE = YES;
				IPHONEOS_DEPLOYMENT_TARGET = 13.5;
				MTL_ENABLE_DEBUG_INFO = INCLUDE_SOURCE;
				MTL_FAST_MATH = YES;
				ONLY_ACTIVE_ARCH = YES;
				SDKROOT = iphoneos;
				SWIFT_ACTIVE_COMPILATION_CONDITIONS = DEBUG;
				SWIFT_OPTIMIZATION_LEVEL = "-Onone";
			};
			name = Debug;
		};
		8D665D3624A17CD400441B32 /* Release */ = {
			isa = XCBuildConfiguration;
			buildSettings = {
				ALWAYS_SEARCH_USER_PATHS = NO;
				CLANG_ANALYZER_LOCALIZABILITY_NONLOCALIZED = YES;
				CLANG_ANALYZER_NONNULL = YES;
				CLANG_ANALYZER_NUMBER_OBJECT_CONVERSION = YES_AGGRESSIVE;
				CLANG_CXX_LANGUAGE_STANDARD = "gnu++14";
				CLANG_CXX_LIBRARY = "libc++";
				CLANG_ENABLE_MODULES = YES;
				CLANG_ENABLE_OBJC_ARC = YES;
				CLANG_ENABLE_OBJC_WEAK = YES;
				CLANG_WARN_BLOCK_CAPTURE_AUTORELEASING = YES;
				CLANG_WARN_BOOL_CONVERSION = YES;
				CLANG_WARN_COMMA = YES;
				CLANG_WARN_CONSTANT_CONVERSION = YES;
				CLANG_WARN_DEPRECATED_OBJC_IMPLEMENTATIONS = YES;
				CLANG_WARN_DIRECT_OBJC_ISA_USAGE = YES_ERROR;
				CLANG_WARN_DOCUMENTATION_COMMENTS = YES;
				CLANG_WARN_EMPTY_BODY = YES;
				CLANG_WARN_ENUM_CONVERSION = YES;
				CLANG_WARN_INFINITE_RECURSION = YES;
				CLANG_WARN_INT_CONVERSION = YES;
				CLANG_WARN_NON_LITERAL_NULL_CONVERSION = YES;
				CLANG_WARN_OBJC_IMPLICIT_RETAIN_SELF = YES;
				CLANG_WARN_OBJC_LITERAL_CONVERSION = YES;
				CLANG_WARN_OBJC_ROOT_CLASS = YES_ERROR;
				CLANG_WARN_QUOTED_INCLUDE_IN_FRAMEWORK_HEADER = YES;
				CLANG_WARN_RANGE_LOOP_ANALYSIS = YES;
				CLANG_WARN_STRICT_PROTOTYPES = YES;
				CLANG_WARN_SUSPICIOUS_MOVE = YES;
				CLANG_WARN_UNGUARDED_AVAILABILITY = YES_AGGRESSIVE;
				CLANG_WARN_UNREACHABLE_CODE = YES;
				CLANG_WARN__DUPLICATE_METHOD_MATCH = YES;
				COPY_PHASE_STRIP = NO;
				DEBUG_INFORMATION_FORMAT = "dwarf-with-dsym";
				ENABLE_NS_ASSERTIONS = NO;
				ENABLE_STRICT_OBJC_MSGSEND = YES;
				GCC_C_LANGUAGE_STANDARD = gnu11;
				GCC_NO_COMMON_BLOCKS = YES;
				GCC_WARN_64_TO_32_BIT_CONVERSION = YES;
				GCC_WARN_ABOUT_RETURN_TYPE = YES_ERROR;
				GCC_WARN_UNDECLARED_SELECTOR = YES;
				GCC_WARN_UNINITIALIZED_AUTOS = YES_AGGRESSIVE;
				GCC_WARN_UNUSED_FUNCTION = YES;
				GCC_WARN_UNUSED_VARIABLE = YES;
				IPHONEOS_DEPLOYMENT_TARGET = 13.5;
				MTL_ENABLE_DEBUG_INFO = NO;
				MTL_FAST_MATH = YES;
				SDKROOT = iphoneos;
				SWIFT_COMPILATION_MODE = wholemodule;
				SWIFT_OPTIMIZATION_LEVEL = "-O";
				VALIDATE_PRODUCT = YES;
			};
			name = Release;
		};
		8D665D3824A17CD400441B32 /* Debug */ = {
			isa = XCBuildConfiguration;
			baseConfigurationReference = E9D475FB0524BAB6B9DEC843 /* Pods-011-SportNote.debug.xcconfig */;
			buildSettings = {
				ASSETCATALOG_COMPILER_APPICON_NAME = AppIcon;
				CLANG_ENABLE_MODULES = YES;
				CODE_SIGN_IDENTITY = "Apple Development";
				CODE_SIGN_STYLE = Automatic;
				CURRENT_PROJECT_VERSION = 1;
				DEFINES_MODULE = YES;
				DEVELOPMENT_TEAM = 9YB68MR5FL;
				"EXCLUDED_ARCHS[sdk=iphonesimulator*]" = "arm64 x86_64";
				INFOPLIST_FILE = "011-SportNote/Resource/Info.plist";
				IPHONEOS_DEPLOYMENT_TARGET = 14.0;
				LD_RUNPATH_SEARCH_PATHS = (
					"$(inherited)",
					"@executable_path/Frameworks",
				);
				MARKETING_VERSION = 1.7.2;
				PRODUCT_BUNDLE_IDENTIFIER = com.it6210.Takatoshi.Miura.SportsNoteApp;
				PRODUCT_NAME = "$(TARGET_NAME)";
				PROVISIONING_PROFILE_SPECIFIER = "";
				SWIFT_OBJC_BRIDGING_HEADER = "011-SportNote/011-SportNote-Bridging-Header.h";
				SWIFT_OPTIMIZATION_LEVEL = "-Onone";
				SWIFT_VERSION = 5.0;
				TARGETED_DEVICE_FAMILY = "1,2";
			};
			name = Debug;
		};
		8D665D3924A17CD400441B32 /* Release */ = {
			isa = XCBuildConfiguration;
			baseConfigurationReference = 071E6B678ABDFD4A674414D2 /* Pods-011-SportNote.release.xcconfig */;
			buildSettings = {
				ASSETCATALOG_COMPILER_APPICON_NAME = AppIcon;
				CLANG_ENABLE_MODULES = YES;
				CODE_SIGN_ENTITLEMENTS = "";
				CODE_SIGN_IDENTITY = "iPhone Distribution";
				CODE_SIGN_STYLE = Manual;
				CURRENT_PROJECT_VERSION = 1;
				DEFINES_MODULE = YES;
				DEVELOPMENT_TEAM = 9YB68MR5FL;
				INFOPLIST_FILE = "011-SportNote/Resource/Info.plist";
				IPHONEOS_DEPLOYMENT_TARGET = 14.0;
				LD_RUNPATH_SEARCH_PATHS = (
					"$(inherited)",
					"@executable_path/Frameworks",
				);
				MARKETING_VERSION = 1.7.2;
				PRODUCT_BUNDLE_IDENTIFIER = com.it6210.Takatoshi.Miura.SportsNoteApp;
				PRODUCT_NAME = "$(TARGET_NAME)";
				PROVISIONING_PROFILE_SPECIFIER = SportsNoteApp_release;
				SWIFT_OBJC_BRIDGING_HEADER = "011-SportNote/011-SportNote-Bridging-Header.h";
				SWIFT_VERSION = 5.0;
				TARGETED_DEVICE_FAMILY = "1,2";
			};
			name = Release;
		};
/* End XCBuildConfiguration section */

/* Begin XCConfigurationList section */
		8D072BAA2C223E320046767D /* Build configuration list for PBXNativeTarget "SportsNoteTests" */ = {
			isa = XCConfigurationList;
			buildConfigurations = (
				8D072BA82C223E320046767D /* Debug */,
				8D072BA92C223E320046767D /* Release */,
			);
			defaultConfigurationIsVisible = 0;
			defaultConfigurationName = Release;
		};
		8D665D1E24A17CD300441B32 /* Build configuration list for PBXProject "011-SportNote" */ = {
			isa = XCConfigurationList;
			buildConfigurations = (
				8D665D3524A17CD400441B32 /* Debug */,
				8D665D3624A17CD400441B32 /* Release */,
			);
			defaultConfigurationIsVisible = 0;
			defaultConfigurationName = Release;
		};
		8D665D3724A17CD400441B32 /* Build configuration list for PBXNativeTarget "011-SportNote" */ = {
			isa = XCConfigurationList;
			buildConfigurations = (
				8D665D3824A17CD400441B32 /* Debug */,
				8D665D3924A17CD400441B32 /* Release */,
			);
			defaultConfigurationIsVisible = 0;
			defaultConfigurationName = Release;
		};
/* End XCConfigurationList section */
	};
	rootObject = 8D665D1B24A17CD300441B32 /* Project object */;
}
