// !$*UTF8*$!
{
	archiveVersion = 1;
	classes = {
	};
	objectVersion = 51;
	objects = {

/* Begin PBXBuildFile section */
		3DEAE45CE9BB67CBC455FA77 /* Pods_011_SportNote.framework in Frameworks */ = {isa = PBXBuildFile; fileRef = C1C0FDE81752318EFC24834D /* Pods_011_SportNote.framework */; };
		8D06D5DD24A834A4004D5307 /* SettingViewController.swift in Sources */ = {isa = PBXBuildFile; fileRef = 8D06D5DC24A834A4004D5307 /* SettingViewController.swift */; };
		8D06D5DF24A839D5004D5307 /* SettingAccountViewController.swift in Sources */ = {isa = PBXBuildFile; fileRef = 8D06D5DE24A839D5004D5307 /* SettingAccountViewController.swift */; };
		8D06D5E124A83C26004D5307 /* SettingNotificationViewController.swift in Sources */ = {isa = PBXBuildFile; fileRef = 8D06D5E024A83C26004D5307 /* SettingNotificationViewController.swift */; };
		8D3585A724AB224300882A32 /* ResolvedTaskViewController.swift in Sources */ = {isa = PBXBuildFile; fileRef = 8D3585A624AB224300882A32 /* ResolvedTaskViewController.swift */; };
		8D3585A924AB317800882A32 /* ResolvedTaskDetailViewController.swift in Sources */ = {isa = PBXBuildFile; fileRef = 8D3585A824AB317800882A32 /* ResolvedTaskDetailViewController.swift */; };
		8D57AFD524A44F5A007450BF /* GoogleService-Info.plist in Resources */ = {isa = PBXBuildFile; fileRef = 8D57AFD424A44F5A007450BF /* GoogleService-Info.plist */; };
		8D57AFDA24A47F7E007450BF /* SVProgressHUD.m in Sources */ = {isa = PBXBuildFile; fileRef = 8D57AFD724A47F7E007450BF /* SVProgressHUD.m */; };
		8D57AFDB24A47F7E007450BF /* SVProgressHUD.bundle in Resources */ = {isa = PBXBuildFile; fileRef = 8D57AFD924A47F7E007450BF /* SVProgressHUD.bundle */; };
		8D57AFDD24A47FAB007450BF /* QuartzCore.framework in Frameworks */ = {isa = PBXBuildFile; fileRef = 8D57AFDC24A47FAB007450BF /* QuartzCore.framework */; };
		8D665D2724A17CD300441B32 /* AppDelegate.swift in Sources */ = {isa = PBXBuildFile; fileRef = 8D665D2624A17CD300441B32 /* AppDelegate.swift */; };
		8D665D2924A17CD300441B32 /* SceneDelegate.swift in Sources */ = {isa = PBXBuildFile; fileRef = 8D665D2824A17CD300441B32 /* SceneDelegate.swift */; };
		8D665D2E24A17CD300441B32 /* Main.storyboard in Resources */ = {isa = PBXBuildFile; fileRef = 8D665D2C24A17CD300441B32 /* Main.storyboard */; };
		8D665D3024A17CD400441B32 /* Assets.xcassets in Resources */ = {isa = PBXBuildFile; fileRef = 8D665D2F24A17CD400441B32 /* Assets.xcassets */; };
		8D665D3324A17CD400441B32 /* LaunchScreen.storyboard in Resources */ = {isa = PBXBuildFile; fileRef = 8D665D3124A17CD400441B32 /* LaunchScreen.storyboard */; };
		8D665D3B24A17D9A00441B32 /* LoginViewController.swift in Sources */ = {isa = PBXBuildFile; fileRef = 8D665D3A24A17D9A00441B32 /* LoginViewController.swift */; };
		8D7853FE24A6FE0000CCA440 /* TaskDetailViewController.swift in Sources */ = {isa = PBXBuildFile; fileRef = 8D7853FD24A6FE0000CCA440 /* TaskDetailViewController.swift */; };
		8D7BAB4B24A5AE9100BE196B /* TaskViewController.swift in Sources */ = {isa = PBXBuildFile; fileRef = 8D7BAB4A24A5AE9100BE196B /* TaskViewController.swift */; };
		8D7BAB4D24A5AF5300BE196B /* TaskData.swift in Sources */ = {isa = PBXBuildFile; fileRef = 8D7BAB4C24A5AF5300BE196B /* TaskData.swift */; };
		8D7BAB4F24A5B18800BE196B /* AddTaskViewController.swift in Sources */ = {isa = PBXBuildFile; fileRef = 8D7BAB4E24A5B18800BE196B /* AddTaskViewController.swift */; };
		8D9A073C24A9DDC9004F970D /* MeasuresDetailViewController.swift in Sources */ = {isa = PBXBuildFile; fileRef = 8D9A073B24A9DDC9004F970D /* MeasuresDetailViewController.swift */; };
/* End PBXBuildFile section */

/* Begin PBXFileReference section */
		54F93BC31ED4497F68396349 /* Pods-011-SportNote.release.xcconfig */ = {isa = PBXFileReference; includeInIndex = 1; lastKnownFileType = text.xcconfig; name = "Pods-011-SportNote.release.xcconfig"; path = "Target Support Files/Pods-011-SportNote/Pods-011-SportNote.release.xcconfig"; sourceTree = "<group>"; };
		8D06D5DC24A834A4004D5307 /* SettingViewController.swift */ = {isa = PBXFileReference; lastKnownFileType = sourcecode.swift; path = SettingViewController.swift; sourceTree = "<group>"; };
		8D06D5DE24A839D5004D5307 /* SettingAccountViewController.swift */ = {isa = PBXFileReference; lastKnownFileType = sourcecode.swift; path = SettingAccountViewController.swift; sourceTree = "<group>"; };
		8D06D5E024A83C26004D5307 /* SettingNotificationViewController.swift */ = {isa = PBXFileReference; lastKnownFileType = sourcecode.swift; path = SettingNotificationViewController.swift; sourceTree = "<group>"; };
		8D3585A624AB224300882A32 /* ResolvedTaskViewController.swift */ = {isa = PBXFileReference; lastKnownFileType = sourcecode.swift; path = ResolvedTaskViewController.swift; sourceTree = "<group>"; };
		8D3585A824AB317800882A32 /* ResolvedTaskDetailViewController.swift */ = {isa = PBXFileReference; lastKnownFileType = sourcecode.swift; path = ResolvedTaskDetailViewController.swift; sourceTree = "<group>"; };
		8D57AFD424A44F5A007450BF /* GoogleService-Info.plist */ = {isa = PBXFileReference; fileEncoding = 4; lastKnownFileType = text.plist.xml; path = "GoogleService-Info.plist"; sourceTree = "<group>"; };
		8D57AFD624A47F7D007450BF /* 011-SportNote-Bridging-Header.h */ = {isa = PBXFileReference; lastKnownFileType = sourcecode.c.h; path = "011-SportNote-Bridging-Header.h"; sourceTree = "<group>"; };
		8D57AFD724A47F7E007450BF /* SVProgressHUD.m */ = {isa = PBXFileReference; fileEncoding = 4; lastKnownFileType = sourcecode.c.objc; path = SVProgressHUD.m; sourceTree = "<group>"; };
		8D57AFD824A47F7E007450BF /* SVProgressHUD.h */ = {isa = PBXFileReference; fileEncoding = 4; lastKnownFileType = sourcecode.c.h; path = SVProgressHUD.h; sourceTree = "<group>"; };
		8D57AFD924A47F7E007450BF /* SVProgressHUD.bundle */ = {isa = PBXFileReference; lastKnownFileType = "wrapper.plug-in"; path = SVProgressHUD.bundle; sourceTree = "<group>"; };
		8D57AFDC24A47FAB007450BF /* QuartzCore.framework */ = {isa = PBXFileReference; lastKnownFileType = wrapper.framework; name = QuartzCore.framework; path = System/Library/Frameworks/QuartzCore.framework; sourceTree = SDKROOT; };
		8D665D2324A17CD300441B32 /* 011-SportNote.app */ = {isa = PBXFileReference; explicitFileType = wrapper.application; includeInIndex = 0; path = "011-SportNote.app"; sourceTree = BUILT_PRODUCTS_DIR; };
		8D665D2624A17CD300441B32 /* AppDelegate.swift */ = {isa = PBXFileReference; lastKnownFileType = sourcecode.swift; path = AppDelegate.swift; sourceTree = "<group>"; };
		8D665D2824A17CD300441B32 /* SceneDelegate.swift */ = {isa = PBXFileReference; lastKnownFileType = sourcecode.swift; path = SceneDelegate.swift; sourceTree = "<group>"; };
		8D665D2D24A17CD300441B32 /* Base */ = {isa = PBXFileReference; lastKnownFileType = file.storyboard; name = Base; path = Base.lproj/Main.storyboard; sourceTree = "<group>"; };
		8D665D2F24A17CD400441B32 /* Assets.xcassets */ = {isa = PBXFileReference; lastKnownFileType = folder.assetcatalog; path = Assets.xcassets; sourceTree = "<group>"; };
		8D665D3224A17CD400441B32 /* Base */ = {isa = PBXFileReference; lastKnownFileType = file.storyboard; name = Base; path = Base.lproj/LaunchScreen.storyboard; sourceTree = "<group>"; };
		8D665D3424A17CD400441B32 /* Info.plist */ = {isa = PBXFileReference; lastKnownFileType = text.plist.xml; path = Info.plist; sourceTree = "<group>"; };
		8D665D3A24A17D9A00441B32 /* LoginViewController.swift */ = {isa = PBXFileReference; lastKnownFileType = sourcecode.swift; path = LoginViewController.swift; sourceTree = "<group>"; };
		8D7853FD24A6FE0000CCA440 /* TaskDetailViewController.swift */ = {isa = PBXFileReference; lastKnownFileType = sourcecode.swift; path = TaskDetailViewController.swift; sourceTree = "<group>"; };
		8D7BAB4A24A5AE9100BE196B /* TaskViewController.swift */ = {isa = PBXFileReference; lastKnownFileType = sourcecode.swift; path = TaskViewController.swift; sourceTree = "<group>"; };
		8D7BAB4C24A5AF5300BE196B /* TaskData.swift */ = {isa = PBXFileReference; lastKnownFileType = sourcecode.swift; path = TaskData.swift; sourceTree = "<group>"; };
		8D7BAB4E24A5B18800BE196B /* AddTaskViewController.swift */ = {isa = PBXFileReference; lastKnownFileType = sourcecode.swift; path = AddTaskViewController.swift; sourceTree = "<group>"; };
		8D9A073B24A9DDC9004F970D /* MeasuresDetailViewController.swift */ = {isa = PBXFileReference; lastKnownFileType = sourcecode.swift; path = MeasuresDetailViewController.swift; sourceTree = "<group>"; };
		C1C0FDE81752318EFC24834D /* Pods_011_SportNote.framework */ = {isa = PBXFileReference; explicitFileType = wrapper.framework; includeInIndex = 0; path = Pods_011_SportNote.framework; sourceTree = BUILT_PRODUCTS_DIR; };
		D814DA5F5740A5262D7A498F /* Pods-011-SportNote.debug.xcconfig */ = {isa = PBXFileReference; includeInIndex = 1; lastKnownFileType = text.xcconfig; name = "Pods-011-SportNote.debug.xcconfig"; path = "Target Support Files/Pods-011-SportNote/Pods-011-SportNote.debug.xcconfig"; sourceTree = "<group>"; };
/* End PBXFileReference section */

/* Begin PBXFrameworksBuildPhase section */
		8D665D2024A17CD300441B32 /* Frameworks */ = {
			isa = PBXFrameworksBuildPhase;
			buildActionMask = 2147483647;
			files = (
				8D57AFDD24A47FAB007450BF /* QuartzCore.framework in Frameworks */,
				3DEAE45CE9BB67CBC455FA77 /* Pods_011_SportNote.framework in Frameworks */,
			);
			runOnlyForDeploymentPostprocessing = 0;
		};
/* End PBXFrameworksBuildPhase section */

/* Begin PBXGroup section */
		4BC4D980DECE5E34BDB96AE6 /* Pods */ = {
			isa = PBXGroup;
			children = (
				D814DA5F5740A5262D7A498F /* Pods-011-SportNote.debug.xcconfig */,
				54F93BC31ED4497F68396349 /* Pods-011-SportNote.release.xcconfig */,
			);
			path = Pods;
			sourceTree = "<group>";
		};
		8D665D1A24A17CD300441B32 = {
			isa = PBXGroup;
			children = (
				8D665D2524A17CD300441B32 /* 011-SportNote */,
				8D665D2424A17CD300441B32 /* Products */,
				4BC4D980DECE5E34BDB96AE6 /* Pods */,
				C286C2B0EED91BEBB760A936 /* Frameworks */,
			);
			sourceTree = "<group>";
		};
		8D665D2424A17CD300441B32 /* Products */ = {
			isa = PBXGroup;
			children = (
				8D665D2324A17CD300441B32 /* 011-SportNote.app */,
			);
			name = Products;
			sourceTree = "<group>";
		};
		8D665D2524A17CD300441B32 /* 011-SportNote */ = {
			isa = PBXGroup;
			children = (
				8D665D2624A17CD300441B32 /* AppDelegate.swift */,
				8D665D2824A17CD300441B32 /* SceneDelegate.swift */,
				8D665D2C24A17CD300441B32 /* Main.storyboard */,
				8D665D3A24A17D9A00441B32 /* LoginViewController.swift */,
				8D7BAB4A24A5AE9100BE196B /* TaskViewController.swift */,
				8D7BAB4E24A5B18800BE196B /* AddTaskViewController.swift */,
				8D7853FD24A6FE0000CCA440 /* TaskDetailViewController.swift */,
				8D9A073B24A9DDC9004F970D /* MeasuresDetailViewController.swift */,
				8D3585A624AB224300882A32 /* ResolvedTaskViewController.swift */,
				8D3585A824AB317800882A32 /* ResolvedTaskDetailViewController.swift */,
				8D7BAB4C24A5AF5300BE196B /* TaskData.swift */,
				8D06D5DC24A834A4004D5307 /* SettingViewController.swift */,
				8D06D5DE24A839D5004D5307 /* SettingAccountViewController.swift */,
				8D06D5E024A83C26004D5307 /* SettingNotificationViewController.swift */,
				8D665D2F24A17CD400441B32 /* Assets.xcassets */,
				8D665D3124A17CD400441B32 /* LaunchScreen.storyboard */,
				8D57AFD424A44F5A007450BF /* GoogleService-Info.plist */,
				8D665D3424A17CD400441B32 /* Info.plist */,
				8D57AFD924A47F7E007450BF /* SVProgressHUD.bundle */,
				8D57AFD824A47F7E007450BF /* SVProgressHUD.h */,
				8D57AFD724A47F7E007450BF /* SVProgressHUD.m */,
				8D57AFD624A47F7D007450BF /* 011-SportNote-Bridging-Header.h */,
			);
			path = "011-SportNote";
			sourceTree = "<group>";
		};
		C286C2B0EED91BEBB760A936 /* Frameworks */ = {
			isa = PBXGroup;
			children = (
				8D57AFDC24A47FAB007450BF /* QuartzCore.framework */,
				C1C0FDE81752318EFC24834D /* Pods_011_SportNote.framework */,
			);
			name = Frameworks;
			sourceTree = "<group>";
		};
/* End PBXGroup section */

/* Begin PBXNativeTarget section */
		8D665D2224A17CD300441B32 /* 011-SportNote */ = {
			isa = PBXNativeTarget;
			buildConfigurationList = 8D665D3724A17CD400441B32 /* Build configuration list for PBXNativeTarget "011-SportNote" */;
			buildPhases = (
				F3DFBAEDCF077676BBCDF566 /* [CP] Check Pods Manifest.lock */,
				8D665D1F24A17CD300441B32 /* Sources */,
				8D665D2024A17CD300441B32 /* Frameworks */,
				8D665D2124A17CD300441B32 /* Resources */,
				663FD45228D3DA1FA779F6CB /* [CP] Embed Pods Frameworks */,
			);
			buildRules = (
			);
			dependencies = (
			);
			name = "011-SportNote";
			productName = "011-SportNote";
			productReference = 8D665D2324A17CD300441B32 /* 011-SportNote.app */;
			productType = "com.apple.product-type.application";
		};
/* End PBXNativeTarget section */

/* Begin PBXProject section */
		8D665D1B24A17CD300441B32 /* Project object */ = {
			isa = PBXProject;
			attributes = {
				LastSwiftUpdateCheck = 1150;
				LastUpgradeCheck = 1150;
				ORGANIZATIONNAME = "Takatoshi Miura";
				TargetAttributes = {
					8D665D2224A17CD300441B32 = {
						CreatedOnToolsVersion = 11.5;
						LastSwiftMigration = 1150;
					};
				};
			};
			buildConfigurationList = 8D665D1E24A17CD300441B32 /* Build configuration list for PBXProject "011-SportNote" */;
			compatibilityVersion = "Xcode 9.3";
			developmentRegion = en;
			hasScannedForEncodings = 0;
			knownRegions = (
				en,
				Base,
			);
			mainGroup = 8D665D1A24A17CD300441B32;
			productRefGroup = 8D665D2424A17CD300441B32 /* Products */;
			projectDirPath = "";
			projectRoot = "";
			targets = (
				8D665D2224A17CD300441B32 /* 011-SportNote */,
			);
		};
/* End PBXProject section */

/* Begin PBXResourcesBuildPhase section */
		8D665D2124A17CD300441B32 /* Resources */ = {
			isa = PBXResourcesBuildPhase;
			buildActionMask = 2147483647;
			files = (
				8D57AFDB24A47F7E007450BF /* SVProgressHUD.bundle in Resources */,
				8D665D3324A17CD400441B32 /* LaunchScreen.storyboard in Resources */,
				8D57AFD524A44F5A007450BF /* GoogleService-Info.plist in Resources */,
				8D665D3024A17CD400441B32 /* Assets.xcassets in Resources */,
				8D665D2E24A17CD300441B32 /* Main.storyboard in Resources */,
			);
			runOnlyForDeploymentPostprocessing = 0;
		};
/* End PBXResourcesBuildPhase section */

/* Begin PBXShellScriptBuildPhase section */
		663FD45228D3DA1FA779F6CB /* [CP] Embed Pods Frameworks */ = {
			isa = PBXShellScriptBuildPhase;
			buildActionMask = 2147483647;
			files = (
			);
			inputFileListPaths = (
				"${PODS_ROOT}/Target Support Files/Pods-011-SportNote/Pods-011-SportNote-frameworks-${CONFIGURATION}-input-files.xcfilelist",
			);
			name = "[CP] Embed Pods Frameworks";
			outputFileListPaths = (
				"${PODS_ROOT}/Target Support Files/Pods-011-SportNote/Pods-011-SportNote-frameworks-${CONFIGURATION}-output-files.xcfilelist",
			);
			runOnlyForDeploymentPostprocessing = 0;
			shellPath = /bin/sh;
			shellScript = "\"${PODS_ROOT}/Target Support Files/Pods-011-SportNote/Pods-011-SportNote-frameworks.sh\"\n";
			showEnvVarsInLog = 0;
		};
		F3DFBAEDCF077676BBCDF566 /* [CP] Check Pods Manifest.lock */ = {
			isa = PBXShellScriptBuildPhase;
			buildActionMask = 2147483647;
			files = (
			);
			inputFileListPaths = (
			);
			inputPaths = (
				"${PODS_PODFILE_DIR_PATH}/Podfile.lock",
				"${PODS_ROOT}/Manifest.lock",
			);
			name = "[CP] Check Pods Manifest.lock";
			outputFileListPaths = (
			);
			outputPaths = (
				"$(DERIVED_FILE_DIR)/Pods-011-SportNote-checkManifestLockResult.txt",
			);
			runOnlyForDeploymentPostprocessing = 0;
			shellPath = /bin/sh;
			shellScript = "diff \"${PODS_PODFILE_DIR_PATH}/Podfile.lock\" \"${PODS_ROOT}/Manifest.lock\" > /dev/null\nif [ $? != 0 ] ; then\n    # print error to STDERR\n    echo \"error: The sandbox is not in sync with the Podfile.lock. Run 'pod install' or update your CocoaPods installation.\" >&2\n    exit 1\nfi\n# This output is used by Xcode 'outputs' to avoid re-running this script phase.\necho \"SUCCESS\" > \"${SCRIPT_OUTPUT_FILE_0}\"\n";
			showEnvVarsInLog = 0;
		};
/* End PBXShellScriptBuildPhase section */

/* Begin PBXSourcesBuildPhase section */
		8D665D1F24A17CD300441B32 /* Sources */ = {
			isa = PBXSourcesBuildPhase;
			buildActionMask = 2147483647;
			files = (
				8D9A073C24A9DDC9004F970D /* MeasuresDetailViewController.swift in Sources */,
				8D665D3B24A17D9A00441B32 /* LoginViewController.swift in Sources */,
				8D57AFDA24A47F7E007450BF /* SVProgressHUD.m in Sources */,
				8D7BAB4D24A5AF5300BE196B /* TaskData.swift in Sources */,
				8D06D5E124A83C26004D5307 /* SettingNotificationViewController.swift in Sources */,
				8D7BAB4B24A5AE9100BE196B /* TaskViewController.swift in Sources */,
				8D665D2724A17CD300441B32 /* AppDelegate.swift in Sources */,
				8D06D5DD24A834A4004D5307 /* SettingViewController.swift in Sources */,
				8D3585A724AB224300882A32 /* ResolvedTaskViewController.swift in Sources */,
				8D665D2924A17CD300441B32 /* SceneDelegate.swift in Sources */,
				8D7853FE24A6FE0000CCA440 /* TaskDetailViewController.swift in Sources */,
				8D7BAB4F24A5B18800BE196B /* AddTaskViewController.swift in Sources */,
				8D3585A924AB317800882A32 /* ResolvedTaskDetailViewController.swift in Sources */,
				8D06D5DF24A839D5004D5307 /* SettingAccountViewController.swift in Sources */,
			);
			runOnlyForDeploymentPostprocessing = 0;
		};
/* End PBXSourcesBuildPhase section */

/* Begin PBXVariantGroup section */
		8D665D2C24A17CD300441B32 /* Main.storyboard */ = {
			isa = PBXVariantGroup;
			children = (
				8D665D2D24A17CD300441B32 /* Base */,
			);
			name = Main.storyboard;
			sourceTree = "<group>";
		};
		8D665D3124A17CD400441B32 /* LaunchScreen.storyboard */ = {
			isa = PBXVariantGroup;
			children = (
				8D665D3224A17CD400441B32 /* Base */,
			);
			name = LaunchScreen.storyboard;
			sourceTree = "<group>";
		};
/* End PBXVariantGroup section */

/* Begin XCBuildConfiguration section */
		8D665D3524A17CD400441B32 /* Debug */ = {
			isa = XCBuildConfiguration;
			buildSettings = {
				ALWAYS_SEARCH_USER_PATHS = NO;
				CLANG_ANALYZER_NONNULL = YES;
				CLANG_ANALYZER_NUMBER_OBJECT_CONVERSION = YES_AGGRESSIVE;
				CLANG_CXX_LANGUAGE_STANDARD = "gnu++14";
				CLANG_CXX_LIBRARY = "libc++";
				CLANG_ENABLE_MODULES = YES;
				CLANG_ENABLE_OBJC_ARC = YES;
				CLANG_ENABLE_OBJC_WEAK = YES;
				CLANG_WARN_BLOCK_CAPTURE_AUTORELEASING = YES;
				CLANG_WARN_BOOL_CONVERSION = YES;
				CLANG_WARN_COMMA = YES;
				CLANG_WARN_CONSTANT_CONVERSION = YES;
				CLANG_WARN_DEPRECATED_OBJC_IMPLEMENTATIONS = YES;
				CLANG_WARN_DIRECT_OBJC_ISA_USAGE = YES_ERROR;
				CLANG_WARN_DOCUMENTATION_COMMENTS = YES;
				CLANG_WARN_EMPTY_BODY = YES;
				CLANG_WARN_ENUM_CONVERSION = YES;
				CLANG_WARN_INFINITE_RECURSION = YES;
				CLANG_WARN_INT_CONVERSION = YES;
				CLANG_WARN_NON_LITERAL_NULL_CONVERSION = YES;
				CLANG_WARN_OBJC_IMPLICIT_RETAIN_SELF = YES;
				CLANG_WARN_OBJC_LITERAL_CONVERSION = YES;
				CLANG_WARN_OBJC_ROOT_CLASS = YES_ERROR;
				CLANG_WARN_RANGE_LOOP_ANALYSIS = YES;
				CLANG_WARN_STRICT_PROTOTYPES = YES;
				CLANG_WARN_SUSPICIOUS_MOVE = YES;
				CLANG_WARN_UNGUARDED_AVAILABILITY = YES_AGGRESSIVE;
				CLANG_WARN_UNREACHABLE_CODE = YES;
				CLANG_WARN__DUPLICATE_METHOD_MATCH = YES;
				COPY_PHASE_STRIP = NO;
				DEBUG_INFORMATION_FORMAT = dwarf;
				ENABLE_STRICT_OBJC_MSGSEND = YES;
				ENABLE_TESTABILITY = YES;
				GCC_C_LANGUAGE_STANDARD = gnu11;
				GCC_DYNAMIC_NO_PIC = NO;
				GCC_NO_COMMON_BLOCKS = YES;
				GCC_OPTIMIZATION_LEVEL = 0;
				GCC_PREPROCESSOR_DEFINITIONS = (
					"DEBUG=1",
					"$(inherited)",
				);
				GCC_WARN_64_TO_32_BIT_CONVERSION = YES;
				GCC_WARN_ABOUT_RETURN_TYPE = YES_ERROR;
				GCC_WARN_UNDECLARED_SELECTOR = YES;
				GCC_WARN_UNINITIALIZED_AUTOS = YES_AGGRESSIVE;
				GCC_WARN_UNUSED_FUNCTION = YES;
				GCC_WARN_UNUSED_VARIABLE = YES;
				IPHONEOS_DEPLOYMENT_TARGET = 13.5;
				MTL_ENABLE_DEBUG_INFO = INCLUDE_SOURCE;
				MTL_FAST_MATH = YES;
				ONLY_ACTIVE_ARCH = YES;
				SDKROOT = iphoneos;
				SWIFT_ACTIVE_COMPILATION_CONDITIONS = DEBUG;
				SWIFT_OPTIMIZATION_LEVEL = "-Onone";
			};
			name = Debug;
		};
		8D665D3624A17CD400441B32 /* Release */ = {
			isa = XCBuildConfiguration;
			buildSettings = {
				ALWAYS_SEARCH_USER_PATHS = NO;
				CLANG_ANALYZER_NONNULL = YES;
				CLANG_ANALYZER_NUMBER_OBJECT_CONVERSION = YES_AGGRESSIVE;
				CLANG_CXX_LANGUAGE_STANDARD = "gnu++14";
				CLANG_CXX_LIBRARY = "libc++";
				CLANG_ENABLE_MODULES = YES;
				CLANG_ENABLE_OBJC_ARC = YES;
				CLANG_ENABLE_OBJC_WEAK = YES;
				CLANG_WARN_BLOCK_CAPTURE_AUTORELEASING = YES;
				CLANG_WARN_BOOL_CONVERSION = YES;
				CLANG_WARN_COMMA = YES;
				CLANG_WARN_CONSTANT_CONVERSION = YES;
				CLANG_WARN_DEPRECATED_OBJC_IMPLEMENTATIONS = YES;
				CLANG_WARN_DIRECT_OBJC_ISA_USAGE = YES_ERROR;
				CLANG_WARN_DOCUMENTATION_COMMENTS = YES;
				CLANG_WARN_EMPTY_BODY = YES;
				CLANG_WARN_ENUM_CONVERSION = YES;
				CLANG_WARN_INFINITE_RECURSION = YES;
				CLANG_WARN_INT_CONVERSION = YES;
				CLANG_WARN_NON_LITERAL_NULL_CONVERSION = YES;
				CLANG_WARN_OBJC_IMPLICIT_RETAIN_SELF = YES;
				CLANG_WARN_OBJC_LITERAL_CONVERSION = YES;
				CLANG_WARN_OBJC_ROOT_CLASS = YES_ERROR;
				CLANG_WARN_RANGE_LOOP_ANALYSIS = YES;
				CLANG_WARN_STRICT_PROTOTYPES = YES;
				CLANG_WARN_SUSPICIOUS_MOVE = YES;
				CLANG_WARN_UNGUARDED_AVAILABILITY = YES_AGGRESSIVE;
				CLANG_WARN_UNREACHABLE_CODE = YES;
				CLANG_WARN__DUPLICATE_METHOD_MATCH = YES;
				COPY_PHASE_STRIP = NO;
				DEBUG_INFORMATION_FORMAT = "dwarf-with-dsym";
				ENABLE_NS_ASSERTIONS = NO;
				ENABLE_STRICT_OBJC_MSGSEND = YES;
				GCC_C_LANGUAGE_STANDARD = gnu11;
				GCC_NO_COMMON_BLOCKS = YES;
				GCC_WARN_64_TO_32_BIT_CONVERSION = YES;
				GCC_WARN_ABOUT_RETURN_TYPE = YES_ERROR;
				GCC_WARN_UNDECLARED_SELECTOR = YES;
				GCC_WARN_UNINITIALIZED_AUTOS = YES_AGGRESSIVE;
				GCC_WARN_UNUSED_FUNCTION = YES;
				GCC_WARN_UNUSED_VARIABLE = YES;
				IPHONEOS_DEPLOYMENT_TARGET = 13.5;
				MTL_ENABLE_DEBUG_INFO = NO;
				MTL_FAST_MATH = YES;
				SDKROOT = iphoneos;
				SWIFT_COMPILATION_MODE = wholemodule;
				SWIFT_OPTIMIZATION_LEVEL = "-O";
				VALIDATE_PRODUCT = YES;
			};
			name = Release;
		};
		8D665D3824A17CD400441B32 /* Debug */ = {
			isa = XCBuildConfiguration;
			baseConfigurationReference = D814DA5F5740A5262D7A498F /* Pods-011-SportNote.debug.xcconfig */;
			buildSettings = {
				ASSETCATALOG_COMPILER_APPICON_NAME = AppIcon;
				CLANG_ENABLE_MODULES = YES;
				CODE_SIGN_STYLE = Automatic;
				DEVELOPMENT_TEAM = 97L47TQF5Z;
				INFOPLIST_FILE = "011-SportNote/Info.plist";
				LD_RUNPATH_SEARCH_PATHS = (
					"$(inherited)",
					"@executable_path/Frameworks",
				);
				PRODUCT_BUNDLE_IDENTIFIER = "Takatoshi-Miura.-11-SportNote";
				PRODUCT_NAME = "$(TARGET_NAME)";
				SWIFT_OBJC_BRIDGING_HEADER = "011-SportNote/011-SportNote-Bridging-Header.h";
				SWIFT_OPTIMIZATION_LEVEL = "-Onone";
				SWIFT_VERSION = 5.0;
				TARGETED_DEVICE_FAMILY = "1,2";
			};
			name = Debug;
		};
		8D665D3924A17CD400441B32 /* Release */ = {
			isa = XCBuildConfiguration;
			baseConfigurationReference = 54F93BC31ED4497F68396349 /* Pods-011-SportNote.release.xcconfig */;
			buildSettings = {
				ASSETCATALOG_COMPILER_APPICON_NAME = AppIcon;
				CLANG_ENABLE_MODULES = YES;
				CODE_SIGN_STYLE = Automatic;
				DEVELOPMENT_TEAM = 97L47TQF5Z;
				INFOPLIST_FILE = "011-SportNote/Info.plist";
				LD_RUNPATH_SEARCH_PATHS = (
					"$(inherited)",
					"@executable_path/Frameworks",
				);
				PRODUCT_BUNDLE_IDENTIFIER = "Takatoshi-Miura.-11-SportNote";
				PRODUCT_NAME = "$(TARGET_NAME)";
				SWIFT_OBJC_BRIDGING_HEADER = "011-SportNote/011-SportNote-Bridging-Header.h";
				SWIFT_VERSION = 5.0;
				TARGETED_DEVICE_FAMILY = "1,2";
			};
			name = Release;
		};
/* End XCBuildConfiguration section */

/* Begin XCConfigurationList section */
		8D665D1E24A17CD300441B32 /* Build configuration list for PBXProject "011-SportNote" */ = {
			isa = XCConfigurationList;
			buildConfigurations = (
				8D665D3524A17CD400441B32 /* Debug */,
				8D665D3624A17CD400441B32 /* Release */,
			);
			defaultConfigurationIsVisible = 0;
			defaultConfigurationName = Release;
		};
		8D665D3724A17CD400441B32 /* Build configuration list for PBXNativeTarget "011-SportNote" */ = {
			isa = XCConfigurationList;
			buildConfigurations = (
				8D665D3824A17CD400441B32 /* Debug */,
				8D665D3924A17CD400441B32 /* Release */,
			);
			defaultConfigurationIsVisible = 0;
			defaultConfigurationName = Release;
		};
/* End XCConfigurationList section */
	};
	rootObject = 8D665D1B24A17CD300441B32 /* Project object */;
}
