// !$*UTF8*$!
{
	archiveVersion = 1;
	classes = {
	};
	objectVersion = 51;
	objects = {

/* Begin PBXBuildFile section */
		3DEAE45CE9BB67CBC455FA77 /* Pods_011_SportNote.framework in Frameworks */ = {isa = PBXBuildFile; fileRef = C1C0FDE81752318EFC24834D /* Pods_011_SportNote.framework */; };
		8D01653024AEEBD100F9D69F /* NoteViewController.swift in Sources */ = {isa = PBXBuildFile; fileRef = 8D01652F24AEEBD100F9D69F /* NoteViewController.swift */; };
		8D01653424AEFC2000F9D69F /* FreeNoteViewController.swift in Sources */ = {isa = PBXBuildFile; fileRef = 8D01653324AEFC2000F9D69F /* FreeNoteViewController.swift */; };
		8D01653624AF202F00F9D69F /* AddNoteViewController.swift in Sources */ = {isa = PBXBuildFile; fileRef = 8D01653524AF202F00F9D69F /* AddNoteViewController.swift */; };
		8D05F54924EBD18800842CD5 /* PasswordResetViewController.swift in Sources */ = {isa = PBXBuildFile; fileRef = 8D05F54824EBD18800842CD5 /* PasswordResetViewController.swift */; };
		8D05F54B24EBEFAB00842CD5 /* CreateAccountViewController.swift in Sources */ = {isa = PBXBuildFile; fileRef = 8D05F54A24EBEFAB00842CD5 /* CreateAccountViewController.swift */; };
		8D06D5DD24A834A4004D5307 /* SettingViewController.swift in Sources */ = {isa = PBXBuildFile; fileRef = 8D06D5DC24A834A4004D5307 /* SettingViewController.swift */; };
		8D3585A724AB224300882A32 /* ResolvedTaskViewController.swift in Sources */ = {isa = PBXBuildFile; fileRef = 8D3585A624AB224300882A32 /* ResolvedTaskViewController.swift */; };
		8D53E06324D1309000841B5B /* calendarViewController.swift in Sources */ = {isa = PBXBuildFile; fileRef = 8D53E06224D1309000841B5B /* calendarViewController.swift */; };
		8D57AFD524A44F5A007450BF /* GoogleService-Info.plist in Resources */ = {isa = PBXBuildFile; fileRef = 8D57AFD424A44F5A007450BF /* GoogleService-Info.plist */; };
		8D57AFDA24A47F7E007450BF /* SVProgressHUD.m in Sources */ = {isa = PBXBuildFile; fileRef = 8D57AFD724A47F7E007450BF /* SVProgressHUD.m */; };
		8D57AFDB24A47F7E007450BF /* SVProgressHUD.bundle in Resources */ = {isa = PBXBuildFile; fileRef = 8D57AFD924A47F7E007450BF /* SVProgressHUD.bundle */; };
		8D57AFDD24A47FAB007450BF /* QuartzCore.framework in Frameworks */ = {isa = PBXBuildFile; fileRef = 8D57AFDC24A47FAB007450BF /* QuartzCore.framework */; };
		8D665D2724A17CD300441B32 /* AppDelegate.swift in Sources */ = {isa = PBXBuildFile; fileRef = 8D665D2624A17CD300441B32 /* AppDelegate.swift */; };
		8D665D2924A17CD300441B32 /* SceneDelegate.swift in Sources */ = {isa = PBXBuildFile; fileRef = 8D665D2824A17CD300441B32 /* SceneDelegate.swift */; };
		8D665D2E24A17CD300441B32 /* Main.storyboard in Resources */ = {isa = PBXBuildFile; fileRef = 8D665D2C24A17CD300441B32 /* Main.storyboard */; };
		8D665D3024A17CD400441B32 /* Assets.xcassets in Resources */ = {isa = PBXBuildFile; fileRef = 8D665D2F24A17CD400441B32 /* Assets.xcassets */; };
		8D665D3324A17CD400441B32 /* LaunchScreen.storyboard in Resources */ = {isa = PBXBuildFile; fileRef = 8D665D3124A17CD400441B32 /* LaunchScreen.storyboard */; };
		8D665D3B24A17D9A00441B32 /* LoginViewController.swift in Sources */ = {isa = PBXBuildFile; fileRef = 8D665D3A24A17D9A00441B32 /* LoginViewController.swift */; };
		8D69FC9824B7085900DFECB3 /* TaskMeasuresTableViewCell.swift in Sources */ = {isa = PBXBuildFile; fileRef = 8D69FC9624B7085900DFECB3 /* TaskMeasuresTableViewCell.swift */; };
		8D69FC9924B7085900DFECB3 /* TaskMeasuresTableViewCell.xib in Resources */ = {isa = PBXBuildFile; fileRef = 8D69FC9724B7085900DFECB3 /* TaskMeasuresTableViewCell.xib */; };
		8D7853FE24A6FE0000CCA440 /* TaskDetailViewController.swift in Sources */ = {isa = PBXBuildFile; fileRef = 8D7853FD24A6FE0000CCA440 /* TaskDetailViewController.swift */; };
		8D7BAB4F24A5B18800BE196B /* AddTaskViewController.swift in Sources */ = {isa = PBXBuildFile; fileRef = 8D7BAB4E24A5B18800BE196B /* AddTaskViewController.swift */; };
		8D7C676024DD03F6005599AD /* PageViewController.swift in Sources */ = {isa = PBXBuildFile; fileRef = 8D7C675F24DD03F6005599AD /* PageViewController.swift */; };
		8D7C676224DD045C005599AD /* TutorialViewController.swift in Sources */ = {isa = PBXBuildFile; fileRef = 8D7C676124DD045C005599AD /* TutorialViewController.swift */; };
		8D941CC42552188400B3A472 /* NoteViewCell.swift in Sources */ = {isa = PBXBuildFile; fileRef = 8D941CC22552188400B3A472 /* NoteViewCell.swift */; };
		8D941CC52552188400B3A472 /* NoteViewCell.xib in Resources */ = {isa = PBXBuildFile; fileRef = 8D941CC32552188400B3A472 /* NoteViewCell.xib */; };
		8D9A073C24A9DDC9004F970D /* MeasuresDetailViewController.swift in Sources */ = {isa = PBXBuildFile; fileRef = 8D9A073B24A9DDC9004F970D /* MeasuresDetailViewController.swift */; };
		8DA4121624B03077002FD67A /* AddTargetViewController.swift in Sources */ = {isa = PBXBuildFile; fileRef = 8DA4121524B03077002FD67A /* AddTargetViewController.swift */; };
		8DA5338C24CAA696000ADAFB /* PracticeNoteDetailViewController.swift in Sources */ = {isa = PBXBuildFile; fileRef = 8DA5338B24CAA696000ADAFB /* PracticeNoteDetailViewController.swift */; };
		8DA5338E24CAA77E000ADAFB /* PracticeNoteContentViewController.swift in Sources */ = {isa = PBXBuildFile; fileRef = 8DA5338D24CAA77E000ADAFB /* PracticeNoteContentViewController.swift */; };
		8DA6350E24B416B000186358 /* AddCompetitionNoteViewController.swift in Sources */ = {isa = PBXBuildFile; fileRef = 8DA6350D24B416B000186358 /* AddCompetitionNoteViewController.swift */; };
		8DA6351424B47A1A00186358 /* TabBarController.swift in Sources */ = {isa = PBXBuildFile; fileRef = 8DA6351324B47A1A00186358 /* TabBarController.swift */; };
		8DA93AA924BF1BAF00CE0833 /* CompetitionNoteDetailViewController.swift in Sources */ = {isa = PBXBuildFile; fileRef = 8DA93AA824BF1BAF00CE0833 /* CompetitionNoteDetailViewController.swift */; };
		8DB0617024BD72E300A08C35 /* TaskTableViewCell.swift in Sources */ = {isa = PBXBuildFile; fileRef = 8DB0616E24BD72E300A08C35 /* TaskTableViewCell.swift */; };
		8DB0617124BD72E300A08C35 /* TaskTableViewCell.xib in Resources */ = {isa = PBXBuildFile; fileRef = 8DB0616F24BD72E300A08C35 /* TaskTableViewCell.xib */; };
		8DC778A224B5AEFD0031DF66 /* AddPracticeNoteContentViewController.swift in Sources */ = {isa = PBXBuildFile; fileRef = 8DC778A124B5AEFD0031DF66 /* AddPracticeNoteContentViewController.swift */; };
		8DC778A424B5B66A0031DF66 /* AddCompetitionNoteContentViewController.swift in Sources */ = {isa = PBXBuildFile; fileRef = 8DC778A324B5B66A0031DF66 /* AddCompetitionNoteContentViewController.swift */; };
		8DCC058A24F8E40300744A61 /* MessageUI.framework in Frameworks */ = {isa = PBXBuildFile; fileRef = 8DCC058924F8E40300744A61 /* MessageUI.framework */; };
		8DCF350724F6554900055093 /* NoteData.swift in Sources */ = {isa = PBXBuildFile; fileRef = 8DCF350324F6554900055093 /* NoteData.swift */; };
		8DCF350824F6554900055093 /* TargetData.swift in Sources */ = {isa = PBXBuildFile; fileRef = 8DCF350424F6554900055093 /* TargetData.swift */; };
		8DCF350924F6554900055093 /* FreeNote.swift in Sources */ = {isa = PBXBuildFile; fileRef = 8DCF350524F6554900055093 /* FreeNote.swift */; };
		8DCF350A24F6554900055093 /* TaskData.swift in Sources */ = {isa = PBXBuildFile; fileRef = 8DCF350624F6554900055093 /* TaskData.swift */; };
		8DCF350C24F67E8700055093 /* UserData.swift in Sources */ = {isa = PBXBuildFile; fileRef = 8DCF350B24F67E8700055093 /* UserData.swift */; };
		8DE8B1D424B1BD7F00E1195B /* TaskViewController.swift in Sources */ = {isa = PBXBuildFile; fileRef = 8DE8B1D324B1BD7F00E1195B /* TaskViewController.swift */; };
		8DF91CB724B3051500FFE201 /* AddPracticeNoteViewController.swift in Sources */ = {isa = PBXBuildFile; fileRef = 8DF91CB624B3051500FFE201 /* AddPracticeNoteViewController.swift */; };
/* End PBXBuildFile section */

/* Begin PBXFileReference section */
		54F93BC31ED4497F68396349 /* Pods-011-SportNote.release.xcconfig */ = {isa = PBXFileReference; includeInIndex = 1; lastKnownFileType = text.xcconfig; name = "Pods-011-SportNote.release.xcconfig"; path = "Target Support Files/Pods-011-SportNote/Pods-011-SportNote.release.xcconfig"; sourceTree = "<group>"; };
		8D01652F24AEEBD100F9D69F /* NoteViewController.swift */ = {isa = PBXFileReference; lastKnownFileType = sourcecode.swift; path = NoteViewController.swift; sourceTree = "<group>"; };
		8D01653324AEFC2000F9D69F /* FreeNoteViewController.swift */ = {isa = PBXFileReference; lastKnownFileType = sourcecode.swift; path = FreeNoteViewController.swift; sourceTree = "<group>"; };
		8D01653524AF202F00F9D69F /* AddNoteViewController.swift */ = {isa = PBXFileReference; lastKnownFileType = sourcecode.swift; path = AddNoteViewController.swift; sourceTree = "<group>"; };
		8D05F54824EBD18800842CD5 /* PasswordResetViewController.swift */ = {isa = PBXFileReference; lastKnownFileType = sourcecode.swift; path = PasswordResetViewController.swift; sourceTree = "<group>"; };
		8D05F54A24EBEFAB00842CD5 /* CreateAccountViewController.swift */ = {isa = PBXFileReference; lastKnownFileType = sourcecode.swift; path = CreateAccountViewController.swift; sourceTree = "<group>"; };
		8D06D5DC24A834A4004D5307 /* SettingViewController.swift */ = {isa = PBXFileReference; lastKnownFileType = sourcecode.swift; path = SettingViewController.swift; sourceTree = "<group>"; };
		8D3585A624AB224300882A32 /* ResolvedTaskViewController.swift */ = {isa = PBXFileReference; lastKnownFileType = sourcecode.swift; path = ResolvedTaskViewController.swift; sourceTree = "<group>"; };
		8D53E06224D1309000841B5B /* calendarViewController.swift */ = {isa = PBXFileReference; lastKnownFileType = sourcecode.swift; path = calendarViewController.swift; sourceTree = "<group>"; };
		8D57AFD424A44F5A007450BF /* GoogleService-Info.plist */ = {isa = PBXFileReference; fileEncoding = 4; lastKnownFileType = text.plist.xml; path = "GoogleService-Info.plist"; sourceTree = "<group>"; };
		8D57AFD624A47F7D007450BF /* 011-SportNote-Bridging-Header.h */ = {isa = PBXFileReference; lastKnownFileType = sourcecode.c.h; path = "011-SportNote-Bridging-Header.h"; sourceTree = "<group>"; };
		8D57AFD724A47F7E007450BF /* SVProgressHUD.m */ = {isa = PBXFileReference; fileEncoding = 4; lastKnownFileType = sourcecode.c.objc; path = SVProgressHUD.m; sourceTree = "<group>"; };
		8D57AFD824A47F7E007450BF /* SVProgressHUD.h */ = {isa = PBXFileReference; fileEncoding = 4; lastKnownFileType = sourcecode.c.h; path = SVProgressHUD.h; sourceTree = "<group>"; };
		8D57AFD924A47F7E007450BF /* SVProgressHUD.bundle */ = {isa = PBXFileReference; lastKnownFileType = "wrapper.plug-in"; path = SVProgressHUD.bundle; sourceTree = "<group>"; };
		8D57AFDC24A47FAB007450BF /* QuartzCore.framework */ = {isa = PBXFileReference; lastKnownFileType = wrapper.framework; name = QuartzCore.framework; path = System/Library/Frameworks/QuartzCore.framework; sourceTree = SDKROOT; };
		8D665D2324A17CD300441B32 /* 011-SportNote.app */ = {isa = PBXFileReference; explicitFileType = wrapper.application; includeInIndex = 0; path = "011-SportNote.app"; sourceTree = BUILT_PRODUCTS_DIR; };
		8D665D2624A17CD300441B32 /* AppDelegate.swift */ = {isa = PBXFileReference; lastKnownFileType = sourcecode.swift; path = AppDelegate.swift; sourceTree = "<group>"; };
		8D665D2824A17CD300441B32 /* SceneDelegate.swift */ = {isa = PBXFileReference; lastKnownFileType = sourcecode.swift; path = SceneDelegate.swift; sourceTree = "<group>"; };
		8D665D2D24A17CD300441B32 /* Base */ = {isa = PBXFileReference; lastKnownFileType = file.storyboard; name = Base; path = Base.lproj/Main.storyboard; sourceTree = "<group>"; };
		8D665D2F24A17CD400441B32 /* Assets.xcassets */ = {isa = PBXFileReference; lastKnownFileType = folder.assetcatalog; path = Assets.xcassets; sourceTree = "<group>"; };
		8D665D3224A17CD400441B32 /* Base */ = {isa = PBXFileReference; lastKnownFileType = file.storyboard; name = Base; path = Base.lproj/LaunchScreen.storyboard; sourceTree = "<group>"; };
		8D665D3424A17CD400441B32 /* Info.plist */ = {isa = PBXFileReference; lastKnownFileType = text.plist.xml; path = Info.plist; sourceTree = "<group>"; };
		8D665D3A24A17D9A00441B32 /* LoginViewController.swift */ = {isa = PBXFileReference; lastKnownFileType = sourcecode.swift; path = LoginViewController.swift; sourceTree = "<group>"; };
		8D69FC9624B7085900DFECB3 /* TaskMeasuresTableViewCell.swift */ = {isa = PBXFileReference; lastKnownFileType = sourcecode.swift; path = TaskMeasuresTableViewCell.swift; sourceTree = "<group>"; };
		8D69FC9724B7085900DFECB3 /* TaskMeasuresTableViewCell.xib */ = {isa = PBXFileReference; lastKnownFileType = file.xib; path = TaskMeasuresTableViewCell.xib; sourceTree = "<group>"; };
		8D7853FD24A6FE0000CCA440 /* TaskDetailViewController.swift */ = {isa = PBXFileReference; lastKnownFileType = sourcecode.swift; path = TaskDetailViewController.swift; sourceTree = "<group>"; };
		8D7BAB4E24A5B18800BE196B /* AddTaskViewController.swift */ = {isa = PBXFileReference; lastKnownFileType = sourcecode.swift; path = AddTaskViewController.swift; sourceTree = "<group>"; };
		8D7C675F24DD03F6005599AD /* PageViewController.swift */ = {isa = PBXFileReference; lastKnownFileType = sourcecode.swift; path = PageViewController.swift; sourceTree = "<group>"; };
		8D7C676124DD045C005599AD /* TutorialViewController.swift */ = {isa = PBXFileReference; lastKnownFileType = sourcecode.swift; path = TutorialViewController.swift; sourceTree = "<group>"; };
		8D941CC22552188400B3A472 /* NoteViewCell.swift */ = {isa = PBXFileReference; lastKnownFileType = sourcecode.swift; path = NoteViewCell.swift; sourceTree = "<group>"; };
		8D941CC32552188400B3A472 /* NoteViewCell.xib */ = {isa = PBXFileReference; lastKnownFileType = file.xib; path = NoteViewCell.xib; sourceTree = "<group>"; };
		8D9A073B24A9DDC9004F970D /* MeasuresDetailViewController.swift */ = {isa = PBXFileReference; lastKnownFileType = sourcecode.swift; path = MeasuresDetailViewController.swift; sourceTree = "<group>"; };
		8DA4121524B03077002FD67A /* AddTargetViewController.swift */ = {isa = PBXFileReference; lastKnownFileType = sourcecode.swift; path = AddTargetViewController.swift; sourceTree = "<group>"; };
		8DA5338B24CAA696000ADAFB /* PracticeNoteDetailViewController.swift */ = {isa = PBXFileReference; lastKnownFileType = sourcecode.swift; path = PracticeNoteDetailViewController.swift; sourceTree = "<group>"; };
		8DA5338D24CAA77E000ADAFB /* PracticeNoteContentViewController.swift */ = {isa = PBXFileReference; lastKnownFileType = sourcecode.swift; path = PracticeNoteContentViewController.swift; sourceTree = "<group>"; };
		8DA6350D24B416B000186358 /* AddCompetitionNoteViewController.swift */ = {isa = PBXFileReference; lastKnownFileType = sourcecode.swift; path = AddCompetitionNoteViewController.swift; sourceTree = "<group>"; };
		8DA6351324B47A1A00186358 /* TabBarController.swift */ = {isa = PBXFileReference; lastKnownFileType = sourcecode.swift; path = TabBarController.swift; sourceTree = "<group>"; };
		8DA93AA824BF1BAF00CE0833 /* CompetitionNoteDetailViewController.swift */ = {isa = PBXFileReference; lastKnownFileType = sourcecode.swift; path = CompetitionNoteDetailViewController.swift; sourceTree = "<group>"; };
		8DB0616E24BD72E300A08C35 /* TaskTableViewCell.swift */ = {isa = PBXFileReference; lastKnownFileType = sourcecode.swift; path = TaskTableViewCell.swift; sourceTree = "<group>"; };
		8DB0616F24BD72E300A08C35 /* TaskTableViewCell.xib */ = {isa = PBXFileReference; lastKnownFileType = file.xib; path = TaskTableViewCell.xib; sourceTree = "<group>"; };
		8DB9E58924DEBDFC0042A7A2 /* 011-SportNoteRelease.entitlements */ = {isa = PBXFileReference; lastKnownFileType = text.plist.entitlements; path = "011-SportNoteRelease.entitlements"; sourceTree = "<group>"; };
		8DC778A124B5AEFD0031DF66 /* AddPracticeNoteContentViewController.swift */ = {isa = PBXFileReference; lastKnownFileType = sourcecode.swift; path = AddPracticeNoteContentViewController.swift; sourceTree = "<group>"; };
		8DC778A324B5B66A0031DF66 /* AddCompetitionNoteContentViewController.swift */ = {isa = PBXFileReference; lastKnownFileType = sourcecode.swift; path = AddCompetitionNoteContentViewController.swift; sourceTree = "<group>"; };
		8DCC058924F8E40300744A61 /* MessageUI.framework */ = {isa = PBXFileReference; lastKnownFileType = wrapper.framework; name = MessageUI.framework; path = System/Library/Frameworks/MessageUI.framework; sourceTree = SDKROOT; };
		8DCF350324F6554900055093 /* NoteData.swift */ = {isa = PBXFileReference; fileEncoding = 4; lastKnownFileType = sourcecode.swift; path = NoteData.swift; sourceTree = "<group>"; };
		8DCF350424F6554900055093 /* TargetData.swift */ = {isa = PBXFileReference; fileEncoding = 4; lastKnownFileType = sourcecode.swift; path = TargetData.swift; sourceTree = "<group>"; };
		8DCF350524F6554900055093 /* FreeNote.swift */ = {isa = PBXFileReference; fileEncoding = 4; lastKnownFileType = sourcecode.swift; path = FreeNote.swift; sourceTree = "<group>"; };
		8DCF350624F6554900055093 /* TaskData.swift */ = {isa = PBXFileReference; fileEncoding = 4; lastKnownFileType = sourcecode.swift; path = TaskData.swift; sourceTree = "<group>"; };
		8DCF350B24F67E8700055093 /* UserData.swift */ = {isa = PBXFileReference; lastKnownFileType = sourcecode.swift; path = UserData.swift; sourceTree = "<group>"; };
		8DE8B1D324B1BD7F00E1195B /* TaskViewController.swift */ = {isa = PBXFileReference; lastKnownFileType = sourcecode.swift; path = TaskViewController.swift; sourceTree = "<group>"; };
		8DF91CB624B3051500FFE201 /* AddPracticeNoteViewController.swift */ = {isa = PBXFileReference; lastKnownFileType = sourcecode.swift; path = AddPracticeNoteViewController.swift; sourceTree = "<group>"; };
		C1C0FDE81752318EFC24834D /* Pods_011_SportNote.framework */ = {isa = PBXFileReference; explicitFileType = wrapper.framework; includeInIndex = 0; path = Pods_011_SportNote.framework; sourceTree = BUILT_PRODUCTS_DIR; };
		D814DA5F5740A5262D7A498F /* Pods-011-SportNote.debug.xcconfig */ = {isa = PBXFileReference; includeInIndex = 1; lastKnownFileType = text.xcconfig; name = "Pods-011-SportNote.debug.xcconfig"; path = "Target Support Files/Pods-011-SportNote/Pods-011-SportNote.debug.xcconfig"; sourceTree = "<group>"; };
/* End PBXFileReference section */

/* Begin PBXFrameworksBuildPhase section */
		8D665D2024A17CD300441B32 /* Frameworks */ = {
			isa = PBXFrameworksBuildPhase;
			buildActionMask = 2147483647;
			files = (
				8DCC058A24F8E40300744A61 /* MessageUI.framework in Frameworks */,
				8D57AFDD24A47FAB007450BF /* QuartzCore.framework in Frameworks */,
				3DEAE45CE9BB67CBC455FA77 /* Pods_011_SportNote.framework in Frameworks */,
			);
			runOnlyForDeploymentPostprocessing = 0;
		};
/* End PBXFrameworksBuildPhase section */

/* Begin PBXGroup section */
		4BC4D980DECE5E34BDB96AE6 /* Pods */ = {
			isa = PBXGroup;
			children = (
				D814DA5F5740A5262D7A498F /* Pods-011-SportNote.debug.xcconfig */,
				54F93BC31ED4497F68396349 /* Pods-011-SportNote.release.xcconfig */,
			);
			path = Pods;
			sourceTree = "<group>";
		};
		8D665D1A24A17CD300441B32 = {
			isa = PBXGroup;
			children = (
				8D665D2524A17CD300441B32 /* 011-SportNote */,
				8D665D2424A17CD300441B32 /* Products */,
				4BC4D980DECE5E34BDB96AE6 /* Pods */,
				C286C2B0EED91BEBB760A936 /* Frameworks */,
			);
			sourceTree = "<group>";
		};
		8D665D2424A17CD300441B32 /* Products */ = {
			isa = PBXGroup;
			children = (
				8D665D2324A17CD300441B32 /* 011-SportNote.app */,
			);
			name = Products;
			sourceTree = "<group>";
		};
		8D665D2524A17CD300441B32 /* 011-SportNote */ = {
			isa = PBXGroup;
			children = (
				8DB9E58924DEBDFC0042A7A2 /* 011-SportNoteRelease.entitlements */,
				8D57AFD624A47F7D007450BF /* 011-SportNote-Bridging-Header.h */,
				8D665D2624A17CD300441B32 /* AppDelegate.swift */,
				8D665D2824A17CD300441B32 /* SceneDelegate.swift */,
				8D665D2C24A17CD300441B32 /* Main.storyboard */,
				8D665D3124A17CD400441B32 /* LaunchScreen.storyboard */,
				8DA6351324B47A1A00186358 /* TabBarController.swift */,
				8DE8B1EC24B1C53A00E1195B /* ノート */,
				8DE8B1EA24B1C31900E1195B /* 課題 */,
				8DE8B1EB24B1C4D200E1195B /* 設定 */,
				8DE8B1E924B1C28000E1195B /* ログイン */,
				8DCF350224F6554900055093 /* モデル */,
				8D665D2F24A17CD400441B32 /* Assets.xcassets */,
				8D57AFD424A44F5A007450BF /* GoogleService-Info.plist */,
				8D665D3424A17CD400441B32 /* Info.plist */,
				8D57AFD924A47F7E007450BF /* SVProgressHUD.bundle */,
				8D57AFD824A47F7E007450BF /* SVProgressHUD.h */,
				8D57AFD724A47F7E007450BF /* SVProgressHUD.m */,
			);
			path = "011-SportNote";
			sourceTree = "<group>";
		};
		8DCF350224F6554900055093 /* モデル */ = {
			isa = PBXGroup;
			children = (
				8DCF350B24F67E8700055093 /* UserData.swift */,
				8DCF350324F6554900055093 /* NoteData.swift */,
				8DCF350424F6554900055093 /* TargetData.swift */,
				8DCF350524F6554900055093 /* FreeNote.swift */,
				8DCF350624F6554900055093 /* TaskData.swift */,
			);
			path = "モデル";
			sourceTree = "<group>";
		};
		8DE8B1E924B1C28000E1195B /* ログイン */ = {
			isa = PBXGroup;
			children = (
				8D665D3A24A17D9A00441B32 /* LoginViewController.swift */,
				8D05F54824EBD18800842CD5 /* PasswordResetViewController.swift */,
				8D05F54A24EBEFAB00842CD5 /* CreateAccountViewController.swift */,
			);
			path = "ログイン";
			sourceTree = "<group>";
		};
		8DE8B1EA24B1C31900E1195B /* 課題 */ = {
			isa = PBXGroup;
			children = (
				8DE8B1D324B1BD7F00E1195B /* TaskViewController.swift */,
				8D3585A624AB224300882A32 /* ResolvedTaskViewController.swift */,
				8D7BAB4E24A5B18800BE196B /* AddTaskViewController.swift */,
				8D7853FD24A6FE0000CCA440 /* TaskDetailViewController.swift */,
				8D9A073B24A9DDC9004F970D /* MeasuresDetailViewController.swift */,
			);
			path = "課題";
			sourceTree = "<group>";
		};
		8DE8B1EB24B1C4D200E1195B /* 設定 */ = {
			isa = PBXGroup;
			children = (
				8D06D5DC24A834A4004D5307 /* SettingViewController.swift */,
				8D7C675F24DD03F6005599AD /* PageViewController.swift */,
				8D7C676124DD045C005599AD /* TutorialViewController.swift */,
			);
			path = "設定";
			sourceTree = "<group>";
		};
		8DE8B1EC24B1C53A00E1195B /* ノート */ = {
			isa = PBXGroup;
			children = (
				8D01652F24AEEBD100F9D69F /* NoteViewController.swift */,
				8D53E06224D1309000841B5B /* calendarViewController.swift */,
				8D01653324AEFC2000F9D69F /* FreeNoteViewController.swift */,
				8DA5338B24CAA696000ADAFB /* PracticeNoteDetailViewController.swift */,
				8DA5338D24CAA77E000ADAFB /* PracticeNoteContentViewController.swift */,
				8DA93AA824BF1BAF00CE0833 /* CompetitionNoteDetailViewController.swift */,
				8D01653524AF202F00F9D69F /* AddNoteViewController.swift */,
				8DA4121524B03077002FD67A /* AddTargetViewController.swift */,
				8DF91CB624B3051500FFE201 /* AddPracticeNoteViewController.swift */,
				8DC778A124B5AEFD0031DF66 /* AddPracticeNoteContentViewController.swift */,
				8DA6350D24B416B000186358 /* AddCompetitionNoteViewController.swift */,
				8DC778A324B5B66A0031DF66 /* AddCompetitionNoteContentViewController.swift */,
				8D69FC9624B7085900DFECB3 /* TaskMeasuresTableViewCell.swift */,
				8D69FC9724B7085900DFECB3 /* TaskMeasuresTableViewCell.xib */,
				8DB0616E24BD72E300A08C35 /* TaskTableViewCell.swift */,
				8DB0616F24BD72E300A08C35 /* TaskTableViewCell.xib */,
				8D941CC22552188400B3A472 /* NoteViewCell.swift */,
				8D941CC32552188400B3A472 /* NoteViewCell.xib */,
			);
			path = "ノート";
			sourceTree = "<group>";
		};
		C286C2B0EED91BEBB760A936 /* Frameworks */ = {
			isa = PBXGroup;
			children = (
				8DCC058924F8E40300744A61 /* MessageUI.framework */,
				8D57AFDC24A47FAB007450BF /* QuartzCore.framework */,
				C1C0FDE81752318EFC24834D /* Pods_011_SportNote.framework */,
			);
			name = Frameworks;
			sourceTree = "<group>";
		};
/* End PBXGroup section */

/* Begin PBXNativeTarget section */
		8D665D2224A17CD300441B32 /* 011-SportNote */ = {
			isa = PBXNativeTarget;
			buildConfigurationList = 8D665D3724A17CD400441B32 /* Build configuration list for PBXNativeTarget "011-SportNote" */;
			buildPhases = (
				F3DFBAEDCF077676BBCDF566 /* [CP] Check Pods Manifest.lock */,
				8D665D1F24A17CD300441B32 /* Sources */,
				8D665D2024A17CD300441B32 /* Frameworks */,
				8D665D2124A17CD300441B32 /* Resources */,
				663FD45228D3DA1FA779F6CB /* [CP] Embed Pods Frameworks */,
			);
			buildRules = (
			);
			dependencies = (
			);
			name = "011-SportNote";
			productName = "011-SportNote";
			productReference = 8D665D2324A17CD300441B32 /* 011-SportNote.app */;
			productType = "com.apple.product-type.application";
		};
/* End PBXNativeTarget section */

/* Begin PBXProject section */
		8D665D1B24A17CD300441B32 /* Project object */ = {
			isa = PBXProject;
			attributes = {
				LastSwiftUpdateCheck = 1150;
				LastUpgradeCheck = 1150;
				ORGANIZATIONNAME = "Takatoshi Miura";
				TargetAttributes = {
					8D665D2224A17CD300441B32 = {
						CreatedOnToolsVersion = 11.5;
						LastSwiftMigration = 1150;
					};
				};
			};
			buildConfigurationList = 8D665D1E24A17CD300441B32 /* Build configuration list for PBXProject "011-SportNote" */;
			compatibilityVersion = "Xcode 9.3";
			developmentRegion = en;
			hasScannedForEncodings = 0;
			knownRegions = (
				en,
				Base,
			);
			mainGroup = 8D665D1A24A17CD300441B32;
			productRefGroup = 8D665D2424A17CD300441B32 /* Products */;
			projectDirPath = "";
			projectRoot = "";
			targets = (
				8D665D2224A17CD300441B32 /* 011-SportNote */,
			);
		};
/* End PBXProject section */

/* Begin PBXResourcesBuildPhase section */
		8D665D2124A17CD300441B32 /* Resources */ = {
			isa = PBXResourcesBuildPhase;
			buildActionMask = 2147483647;
			files = (
				8D57AFDB24A47F7E007450BF /* SVProgressHUD.bundle in Resources */,
				8D665D3324A17CD400441B32 /* LaunchScreen.storyboard in Resources */,
				8D941CC52552188400B3A472 /* NoteViewCell.xib in Resources */,
				8D57AFD524A44F5A007450BF /* GoogleService-Info.plist in Resources */,
				8D665D3024A17CD400441B32 /* Assets.xcassets in Resources */,
				8D665D2E24A17CD300441B32 /* Main.storyboard in Resources */,
				8D69FC9924B7085900DFECB3 /* TaskMeasuresTableViewCell.xib in Resources */,
				8DB0617124BD72E300A08C35 /* TaskTableViewCell.xib in Resources */,
			);
			runOnlyForDeploymentPostprocessing = 0;
		};
/* End PBXResourcesBuildPhase section */

/* Begin PBXShellScriptBuildPhase section */
		663FD45228D3DA1FA779F6CB /* [CP] Embed Pods Frameworks */ = {
			isa = PBXShellScriptBuildPhase;
			buildActionMask = 2147483647;
			files = (
			);
			inputFileListPaths = (
				"${PODS_ROOT}/Target Support Files/Pods-011-SportNote/Pods-011-SportNote-frameworks-${CONFIGURATION}-input-files.xcfilelist",
			);
			name = "[CP] Embed Pods Frameworks";
			outputFileListPaths = (
				"${PODS_ROOT}/Target Support Files/Pods-011-SportNote/Pods-011-SportNote-frameworks-${CONFIGURATION}-output-files.xcfilelist",
			);
			runOnlyForDeploymentPostprocessing = 0;
			shellPath = /bin/sh;
			shellScript = "\"${PODS_ROOT}/Target Support Files/Pods-011-SportNote/Pods-011-SportNote-frameworks.sh\"\n";
			showEnvVarsInLog = 0;
		};
		F3DFBAEDCF077676BBCDF566 /* [CP] Check Pods Manifest.lock */ = {
			isa = PBXShellScriptBuildPhase;
			buildActionMask = 2147483647;
			files = (
			);
			inputFileListPaths = (
			);
			inputPaths = (
				"${PODS_PODFILE_DIR_PATH}/Podfile.lock",
				"${PODS_ROOT}/Manifest.lock",
			);
			name = "[CP] Check Pods Manifest.lock";
			outputFileListPaths = (
			);
			outputPaths = (
				"$(DERIVED_FILE_DIR)/Pods-011-SportNote-checkManifestLockResult.txt",
			);
			runOnlyForDeploymentPostprocessing = 0;
			shellPath = /bin/sh;
			shellScript = "diff \"${PODS_PODFILE_DIR_PATH}/Podfile.lock\" \"${PODS_ROOT}/Manifest.lock\" > /dev/null\nif [ $? != 0 ] ; then\n    # print error to STDERR\n    echo \"error: The sandbox is not in sync with the Podfile.lock. Run 'pod install' or update your CocoaPods installation.\" >&2\n    exit 1\nfi\n# This output is used by Xcode 'outputs' to avoid re-running this script phase.\necho \"SUCCESS\" > \"${SCRIPT_OUTPUT_FILE_0}\"\n";
			showEnvVarsInLog = 0;
		};
/* End PBXShellScriptBuildPhase section */

/* Begin PBXSourcesBuildPhase section */
		8D665D1F24A17CD300441B32 /* Sources */ = {
			isa = PBXSourcesBuildPhase;
			buildActionMask = 2147483647;
			files = (
				8D9A073C24A9DDC9004F970D /* MeasuresDetailViewController.swift in Sources */,
				8DCF350924F6554900055093 /* FreeNote.swift in Sources */,
				8DA6351424B47A1A00186358 /* TabBarController.swift in Sources */,
				8D665D3B24A17D9A00441B32 /* LoginViewController.swift in Sources */,
				8D05F54B24EBEFAB00842CD5 /* CreateAccountViewController.swift in Sources */,
				8D57AFDA24A47F7E007450BF /* SVProgressHUD.m in Sources */,
				8DA5338E24CAA77E000ADAFB /* PracticeNoteContentViewController.swift in Sources */,
				8DA5338C24CAA696000ADAFB /* PracticeNoteDetailViewController.swift in Sources */,
				8DCF350724F6554900055093 /* NoteData.swift in Sources */,
				8DC778A224B5AEFD0031DF66 /* AddPracticeNoteContentViewController.swift in Sources */,
				8DE8B1D424B1BD7F00E1195B /* TaskViewController.swift in Sources */,
				8DC778A424B5B66A0031DF66 /* AddCompetitionNoteContentViewController.swift in Sources */,
				8D941CC42552188400B3A472 /* NoteViewCell.swift in Sources */,
				8D7C676024DD03F6005599AD /* PageViewController.swift in Sources */,
				8D69FC9824B7085900DFECB3 /* TaskMeasuresTableViewCell.swift in Sources */,
				8DCF350A24F6554900055093 /* TaskData.swift in Sources */,
				8DA93AA924BF1BAF00CE0833 /* CompetitionNoteDetailViewController.swift in Sources */,
				8DA4121624B03077002FD67A /* AddTargetViewController.swift in Sources */,
				8DA6350E24B416B000186358 /* AddCompetitionNoteViewController.swift in Sources */,
				8D665D2724A17CD300441B32 /* AppDelegate.swift in Sources */,
				8D05F54924EBD18800842CD5 /* PasswordResetViewController.swift in Sources */,
				8DF91CB724B3051500FFE201 /* AddPracticeNoteViewController.swift in Sources */,
				8D01653024AEEBD100F9D69F /* NoteViewController.swift in Sources */,
				8D06D5DD24A834A4004D5307 /* SettingViewController.swift in Sources */,
				8D3585A724AB224300882A32 /* ResolvedTaskViewController.swift in Sources */,
				8D665D2924A17CD300441B32 /* SceneDelegate.swift in Sources */,
				8D53E06324D1309000841B5B /* calendarViewController.swift in Sources */,
				8D7853FE24A6FE0000CCA440 /* TaskDetailViewController.swift in Sources */,
				8DB0617024BD72E300A08C35 /* TaskTableViewCell.swift in Sources */,
				8D01653624AF202F00F9D69F /* AddNoteViewController.swift in Sources */,
				8DCF350824F6554900055093 /* TargetData.swift in Sources */,
				8DCF350C24F67E8700055093 /* UserData.swift in Sources */,
				8D7C676224DD045C005599AD /* TutorialViewController.swift in Sources */,
				8D7BAB4F24A5B18800BE196B /* AddTaskViewController.swift in Sources */,
				8D01653424AEFC2000F9D69F /* FreeNoteViewController.swift in Sources */,
			);
			runOnlyForDeploymentPostprocessing = 0;
		};
/* End PBXSourcesBuildPhase section */

/* Begin PBXVariantGroup section */
		8D665D2C24A17CD300441B32 /* Main.storyboard */ = {
			isa = PBXVariantGroup;
			children = (
				8D665D2D24A17CD300441B32 /* Base */,
			);
			name = Main.storyboard;
			sourceTree = "<group>";
		};
		8D665D3124A17CD400441B32 /* LaunchScreen.storyboard */ = {
			isa = PBXVariantGroup;
			children = (
				8D665D3224A17CD400441B32 /* Base */,
			);
			name = LaunchScreen.storyboard;
			sourceTree = "<group>";
		};
/* End PBXVariantGroup section */

/* Begin XCBuildConfiguration section */
		8D665D3524A17CD400441B32 /* Debug */ = {
			isa = XCBuildConfiguration;
			buildSettings = {
				ALWAYS_SEARCH_USER_PATHS = NO;
				CLANG_ANALYZER_NONNULL = YES;
				CLANG_ANALYZER_NUMBER_OBJECT_CONVERSION = YES_AGGRESSIVE;
				CLANG_CXX_LANGUAGE_STANDARD = "gnu++14";
				CLANG_CXX_LIBRARY = "libc++";
				CLANG_ENABLE_MODULES = YES;
				CLANG_ENABLE_OBJC_ARC = YES;
				CLANG_ENABLE_OBJC_WEAK = YES;
				CLANG_WARN_BLOCK_CAPTURE_AUTORELEASING = YES;
				CLANG_WARN_BOOL_CONVERSION = YES;
				CLANG_WARN_COMMA = YES;
				CLANG_WARN_CONSTANT_CONVERSION = YES;
				CLANG_WARN_DEPRECATED_OBJC_IMPLEMENTATIONS = YES;
				CLANG_WARN_DIRECT_OBJC_ISA_USAGE = YES_ERROR;
				CLANG_WARN_DOCUMENTATION_COMMENTS = YES;
				CLANG_WARN_EMPTY_BODY = YES;
				CLANG_WARN_ENUM_CONVERSION = YES;
				CLANG_WARN_INFINITE_RECURSION = YES;
				CLANG_WARN_INT_CONVERSION = YES;
				CLANG_WARN_NON_LITERAL_NULL_CONVERSION = YES;
				CLANG_WARN_OBJC_IMPLICIT_RETAIN_SELF = YES;
				CLANG_WARN_OBJC_LITERAL_CONVERSION = YES;
				CLANG_WARN_OBJC_ROOT_CLASS = YES_ERROR;
				CLANG_WARN_RANGE_LOOP_ANALYSIS = YES;
				CLANG_WARN_STRICT_PROTOTYPES = YES;
				CLANG_WARN_SUSPICIOUS_MOVE = YES;
				CLANG_WARN_UNGUARDED_AVAILABILITY = YES_AGGRESSIVE;
				CLANG_WARN_UNREACHABLE_CODE = YES;
				CLANG_WARN__DUPLICATE_METHOD_MATCH = YES;
				COPY_PHASE_STRIP = NO;
				DEBUG_INFORMATION_FORMAT = dwarf;
				ENABLE_STRICT_OBJC_MSGSEND = YES;
				ENABLE_TESTABILITY = YES;
				GCC_C_LANGUAGE_STANDARD = gnu11;
				GCC_DYNAMIC_NO_PIC = NO;
				GCC_NO_COMMON_BLOCKS = YES;
				GCC_OPTIMIZATION_LEVEL = 0;
				GCC_PREPROCESSOR_DEFINITIONS = (
					"DEBUG=1",
					"$(inherited)",
				);
				GCC_WARN_64_TO_32_BIT_CONVERSION = YES;
				GCC_WARN_ABOUT_RETURN_TYPE = YES_ERROR;
				GCC_WARN_UNDECLARED_SELECTOR = YES;
				GCC_WARN_UNINITIALIZED_AUTOS = YES_AGGRESSIVE;
				GCC_WARN_UNUSED_FUNCTION = YES;
				GCC_WARN_UNUSED_VARIABLE = YES;
				IPHONEOS_DEPLOYMENT_TARGET = 13.5;
				MTL_ENABLE_DEBUG_INFO = INCLUDE_SOURCE;
				MTL_FAST_MATH = YES;
				ONLY_ACTIVE_ARCH = YES;
				SDKROOT = iphoneos;
				SWIFT_ACTIVE_COMPILATION_CONDITIONS = DEBUG;
				SWIFT_OPTIMIZATION_LEVEL = "-Onone";
			};
			name = Debug;
		};
		8D665D3624A17CD400441B32 /* Release */ = {
			isa = XCBuildConfiguration;
			buildSettings = {
				ALWAYS_SEARCH_USER_PATHS = NO;
				CLANG_ANALYZER_NONNULL = YES;
				CLANG_ANALYZER_NUMBER_OBJECT_CONVERSION = YES_AGGRESSIVE;
				CLANG_CXX_LANGUAGE_STANDARD = "gnu++14";
				CLANG_CXX_LIBRARY = "libc++";
				CLANG_ENABLE_MODULES = YES;
				CLANG_ENABLE_OBJC_ARC = YES;
				CLANG_ENABLE_OBJC_WEAK = YES;
				CLANG_WARN_BLOCK_CAPTURE_AUTORELEASING = YES;
				CLANG_WARN_BOOL_CONVERSION = YES;
				CLANG_WARN_COMMA = YES;
				CLANG_WARN_CONSTANT_CONVERSION = YES;
				CLANG_WARN_DEPRECATED_OBJC_IMPLEMENTATIONS = YES;
				CLANG_WARN_DIRECT_OBJC_ISA_USAGE = YES_ERROR;
				CLANG_WARN_DOCUMENTATION_COMMENTS = YES;
				CLANG_WARN_EMPTY_BODY = YES;
				CLANG_WARN_ENUM_CONVERSION = YES;
				CLANG_WARN_INFINITE_RECURSION = YES;
				CLANG_WARN_INT_CONVERSION = YES;
				CLANG_WARN_NON_LITERAL_NULL_CONVERSION = YES;
				CLANG_WARN_OBJC_IMPLICIT_RETAIN_SELF = YES;
				CLANG_WARN_OBJC_LITERAL_CONVERSION = YES;
				CLANG_WARN_OBJC_ROOT_CLASS = YES_ERROR;
				CLANG_WARN_RANGE_LOOP_ANALYSIS = YES;
				CLANG_WARN_STRICT_PROTOTYPES = YES;
				CLANG_WARN_SUSPICIOUS_MOVE = YES;
				CLANG_WARN_UNGUARDED_AVAILABILITY = YES_AGGRESSIVE;
				CLANG_WARN_UNREACHABLE_CODE = YES;
				CLANG_WARN__DUPLICATE_METHOD_MATCH = YES;
				COPY_PHASE_STRIP = NO;
				DEBUG_INFORMATION_FORMAT = "dwarf-with-dsym";
				ENABLE_NS_ASSERTIONS = NO;
				ENABLE_STRICT_OBJC_MSGSEND = YES;
				GCC_C_LANGUAGE_STANDARD = gnu11;
				GCC_NO_COMMON_BLOCKS = YES;
				GCC_WARN_64_TO_32_BIT_CONVERSION = YES;
				GCC_WARN_ABOUT_RETURN_TYPE = YES_ERROR;
				GCC_WARN_UNDECLARED_SELECTOR = YES;
				GCC_WARN_UNINITIALIZED_AUTOS = YES_AGGRESSIVE;
				GCC_WARN_UNUSED_FUNCTION = YES;
				GCC_WARN_UNUSED_VARIABLE = YES;
				IPHONEOS_DEPLOYMENT_TARGET = 13.5;
				MTL_ENABLE_DEBUG_INFO = NO;
				MTL_FAST_MATH = YES;
				SDKROOT = iphoneos;
				SWIFT_COMPILATION_MODE = wholemodule;
				SWIFT_OPTIMIZATION_LEVEL = "-O";
				VALIDATE_PRODUCT = YES;
			};
			name = Release;
		};
		8D665D3824A17CD400441B32 /* Debug */ = {
			isa = XCBuildConfiguration;
			baseConfigurationReference = D814DA5F5740A5262D7A498F /* Pods-011-SportNote.debug.xcconfig */;
			buildSettings = {
				ASSETCATALOG_COMPILER_APPICON_NAME = AppIcon;
				CLANG_ENABLE_MODULES = YES;
				CODE_SIGN_STYLE = Automatic;
				CURRENT_PROJECT_VERSION = 1;
				DEFINES_MODULE = YES;
				DEVELOPMENT_TEAM = 9YB68MR5FL;
				INFOPLIST_FILE = "011-SportNote/Info.plist";
				LD_RUNPATH_SEARCH_PATHS = (
					"$(inherited)",
					"@executable_path/Frameworks",
				);
				MARKETING_VERSION = 1.4;
				PRODUCT_BUNDLE_IDENTIFIER = com.it6210.Takatoshi.Miura.SportsNoteApp;
				PRODUCT_NAME = "$(TARGET_NAME)";
				SWIFT_OBJC_BRIDGING_HEADER = "011-SportNote/011-SportNote-Bridging-Header.h";
				SWIFT_OPTIMIZATION_LEVEL = "-Onone";
				SWIFT_VERSION = 5.0;
				TARGETED_DEVICE_FAMILY = "1,2";
			};
			name = Debug;
		};
		8D665D3924A17CD400441B32 /* Release */ = {
			isa = XCBuildConfiguration;
			baseConfigurationReference = 54F93BC31ED4497F68396349 /* Pods-011-SportNote.release.xcconfig */;
			buildSettings = {
				ASSETCATALOG_COMPILER_APPICON_NAME = AppIcon;
				CLANG_ENABLE_MODULES = YES;
				CODE_SIGN_ENTITLEMENTS = "011-SportNote/011-SportNoteRelease.entitlements";
				CODE_SIGN_STYLE = Automatic;
				CURRENT_PROJECT_VERSION = 1;
				DEFINES_MODULE = YES;
				DEVELOPMENT_TEAM = 9YB68MR5FL;
				INFOPLIST_FILE = "011-SportNote/Info.plist";
				LD_RUNPATH_SEARCH_PATHS = (
					"$(inherited)",
					"@executable_path/Frameworks",
				);
				MARKETING_VERSION = 1.4;
				PRODUCT_BUNDLE_IDENTIFIER = com.it6210.Takatoshi.Miura.SportsNoteApp;
				PRODUCT_NAME = "$(TARGET_NAME)";
				SWIFT_OBJC_BRIDGING_HEADER = "011-SportNote/011-SportNote-Bridging-Header.h";
				SWIFT_VERSION = 5.0;
				TARGETED_DEVICE_FAMILY = "1,2";
			};
			name = Release;
		};
/* End XCBuildConfiguration section */

/* Begin XCConfigurationList section */
		8D665D1E24A17CD300441B32 /* Build configuration list for PBXProject "011-SportNote" */ = {
			isa = XCConfigurationList;
			buildConfigurations = (
				8D665D3524A17CD400441B32 /* Debug */,
				8D665D3624A17CD400441B32 /* Release */,
			);
			defaultConfigurationIsVisible = 0;
			defaultConfigurationName = Release;
		};
		8D665D3724A17CD400441B32 /* Build configuration list for PBXNativeTarget "011-SportNote" */ = {
			isa = XCConfigurationList;
			buildConfigurations = (
				8D665D3824A17CD400441B32 /* Debug */,
				8D665D3924A17CD400441B32 /* Release */,
			);
			defaultConfigurationIsVisible = 0;
			defaultConfigurationName = Release;
		};
/* End XCConfigurationList section */
	};
	rootObject = 8D665D1B24A17CD300441B32 /* Project object */;
}
